// !$*UTF8*$!
{
	archiveVersion = 1;
	classes = {
	};
	objectVersion = 56;
	objects = {

/* Begin PBXBuildFile section */
		4C2B10082A4183D50028ED83 /* Chart_Demo_1App.swift in Sources */ = {isa = PBXBuildFile; fileRef = 4C2B10072A4183D50028ED83 /* Chart_Demo_1App.swift */; };
		4C2B100A2A4183D50028ED83 /* ContentView.swift in Sources */ = {isa = PBXBuildFile; fileRef = 4C2B10092A4183D50028ED83 /* ContentView.swift */; };
		4C2B100C2A4183D60028ED83 /* Assets.xcassets in Resources */ = {isa = PBXBuildFile; fileRef = 4C2B100B2A4183D60028ED83 /* Assets.xcassets */; };
		4C2B10102A4183D60028ED83 /* Preview Assets.xcassets in Resources */ = {isa = PBXBuildFile; fileRef = 4C2B100F2A4183D60028ED83 /* Preview Assets.xcassets */; };
		4C2B10172A4183F20028ED83 /* Color Extension.swift in Sources */ = {isa = PBXBuildFile; fileRef = 4C2B10162A4183F20028ED83 /* Color Extension.swift */; };
		4C2B10192A4184400028ED83 /* ColorfulButtonView.swift in Sources */ = {isa = PBXBuildFile; fileRef = 4C2B10182A4184400028ED83 /* ColorfulButtonView.swift */; };
		4C2B101B2A4184540028ED83 /* RandomArcFromColorListView.swift in Sources */ = {isa = PBXBuildFile; fileRef = 4C2B101A2A4184540028ED83 /* RandomArcFromColorListView.swift */; };
		4C2B101D2A41846D0028ED83 /* ArcView.swift in Sources */ = {isa = PBXBuildFile; fileRef = 4C2B101C2A41846D0028ED83 /* ArcView.swift */; };
		4C2B101F2A4184800028ED83 /* TestColorButtonView.swift in Sources */ = {isa = PBXBuildFile; fileRef = 4C2B101E2A4184800028ED83 /* TestColorButtonView.swift */; };
		4C2B10252A41D6560028ED83 /* Data File.swift in Sources */ = {isa = PBXBuildFile; fileRef = 4C2B10242A41D6560028ED83 /* Data File.swift */; };
/* End PBXBuildFile section */

/* Begin PBXFileReference section */
		4C2B10042A4183D50028ED83 /* Chart Demo 1.app */ = {isa = PBXFileReference; explicitFileType = wrapper.application; includeInIndex = 0; path = "Chart Demo 1.app"; sourceTree = BUILT_PRODUCTS_DIR; };
		4C2B10072A4183D50028ED83 /* Chart_Demo_1App.swift */ = {isa = PBXFileReference; lastKnownFileType = sourcecode.swift; path = Chart_Demo_1App.swift; sourceTree = "<group>"; };
		4C2B10092A4183D50028ED83 /* ContentView.swift */ = {isa = PBXFileReference; lastKnownFileType = sourcecode.swift; path = ContentView.swift; sourceTree = "<group>"; };
		4C2B100B2A4183D60028ED83 /* Assets.xcassets */ = {isa = PBXFileReference; lastKnownFileType = folder.assetcatalog; path = Assets.xcassets; sourceTree = "<group>"; };
		4C2B100D2A4183D60028ED83 /* Chart_Demo_1.entitlements */ = {isa = PBXFileReference; lastKnownFileType = text.plist.entitlements; path = Chart_Demo_1.entitlements; sourceTree = "<group>"; };
		4C2B100F2A4183D60028ED83 /* Preview Assets.xcassets */ = {isa = PBXFileReference; lastKnownFileType = folder.assetcatalog; path = "Preview Assets.xcassets"; sourceTree = "<group>"; };
		4C2B10162A4183F20028ED83 /* Color Extension.swift */ = {isa = PBXFileReference; lastKnownFileType = sourcecode.swift; path = "Color Extension.swift"; sourceTree = "<group>"; };
		4C2B10182A4184400028ED83 /* ColorfulButtonView.swift */ = {isa = PBXFileReference; lastKnownFileType = sourcecode.swift; path = ColorfulButtonView.swift; sourceTree = "<group>"; };
		4C2B101A2A4184540028ED83 /* RandomArcFromColorListView.swift */ = {isa = PBXFileReference; lastKnownFileType = sourcecode.swift; path = RandomArcFromColorListView.swift; sourceTree = "<group>"; };
		4C2B101C2A41846D0028ED83 /* ArcView.swift */ = {isa = PBXFileReference; lastKnownFileType = sourcecode.swift; path = ArcView.swift; sourceTree = "<group>"; };
		4C2B101E2A4184800028ED83 /* TestColorButtonView.swift */ = {isa = PBXFileReference; lastKnownFileType = sourcecode.swift; path = TestColorButtonView.swift; sourceTree = "<group>"; };
		4C2B10242A41D6560028ED83 /* Data File.swift */ = {isa = PBXFileReference; lastKnownFileType = sourcecode.swift; path = "Data File.swift"; sourceTree = "<group>"; };
/* End PBXFileReference section */

/* Begin PBXFrameworksBuildPhase section */
		4C2B10012A4183D50028ED83 /* Frameworks */ = {
			isa = PBXFrameworksBuildPhase;
			buildActionMask = 2147483647;
			files = (
			);
			runOnlyForDeploymentPostprocessing = 0;
		};
/* End PBXFrameworksBuildPhase section */

/* Begin PBXGroup section */
		4C2B0FFB2A4183D50028ED83 = {
			isa = PBXGroup;
			children = (
				4C2B10062A4183D50028ED83 /* Chart Demo 1 */,
				4C2B10052A4183D50028ED83 /* Products */,
			);
			sourceTree = "<group>";
		};
		4C2B10052A4183D50028ED83 /* Products */ = {
			isa = PBXGroup;
			children = (
				4C2B10042A4183D50028ED83 /* Chart Demo 1.app */,
			);
			name = Products;
			sourceTree = "<group>";
		};
		4C2B10062A4183D50028ED83 /* Chart Demo 1 */ = {
			isa = PBXGroup;
			children = (
				4C2B10212A41849A0028ED83 /* Views */,
				4C2B10202A41848A0028ED83 /* Extensions */,
				4C2B10072A4183D50028ED83 /* Chart_Demo_1App.swift */,
				4C2B10092A4183D50028ED83 /* ContentView.swift */,
				4C2B10242A41D6560028ED83 /* Data File.swift */,
				4C2B100B2A4183D60028ED83 /* Assets.xcassets */,
				4C2B100D2A4183D60028ED83 /* Chart_Demo_1.entitlements */,
				4C2B100E2A4183D60028ED83 /* Preview Content */,
			);
			path = "Chart Demo 1";
			sourceTree = "<group>";
		};
		4C2B100E2A4183D60028ED83 /* Preview Content */ = {
			isa = PBXGroup;
			children = (
				4C2B100F2A4183D60028ED83 /* Preview Assets.xcassets */,
			);
			path = "Preview Content";
			sourceTree = "<group>";
		};
		4C2B10202A41848A0028ED83 /* Extensions */ = {
			isa = PBXGroup;
			children = (
				4C2B10162A4183F20028ED83 /* Color Extension.swift */,
			);
			path = Extensions;
			sourceTree = "<group>";
		};
		4C2B10212A41849A0028ED83 /* Views */ = {
			isa = PBXGroup;
			children = (
				4C2B10182A4184400028ED83 /* ColorfulButtonView.swift */,
				4C2B101A2A4184540028ED83 /* RandomArcFromColorListView.swift */,
				4C2B101C2A41846D0028ED83 /* ArcView.swift */,
				4C2B101E2A4184800028ED83 /* TestColorButtonView.swift */,
			);
			path = Views;
			sourceTree = "<group>";
		};
/* End PBXGroup section */

/* Begin PBXNativeTarget section */
		4C2B10032A4183D50028ED83 /* Chart Demo 1 */ = {
			isa = PBXNativeTarget;
			buildConfigurationList = 4C2B10132A4183D60028ED83 /* Build configuration list for PBXNativeTarget "Chart Demo 1" */;
			buildPhases = (
				4C2B10002A4183D50028ED83 /* Sources */,
				4C2B10012A4183D50028ED83 /* Frameworks */,
				4C2B10022A4183D50028ED83 /* Resources */,
			);
			buildRules = (
			);
			dependencies = (
			);
			name = "Chart Demo 1";
			productName = "Chart Demo 1";
			productReference = 4C2B10042A4183D50028ED83 /* Chart Demo 1.app */;
			productType = "com.apple.product-type.application";
		};
/* End PBXNativeTarget section */

/* Begin PBXProject section */
		4C2B0FFC2A4183D50028ED83 /* Project object */ = {
			isa = PBXProject;
			attributes = {
				BuildIndependentTargetsInParallel = 1;
				LastSwiftUpdateCheck = 1430;
				LastUpgradeCheck = 1430;
				TargetAttributes = {
					4C2B10032A4183D50028ED83 = {
						CreatedOnToolsVersion = 14.3.1;
					};
				};
			};
			buildConfigurationList = 4C2B0FFF2A4183D50028ED83 /* Build configuration list for PBXProject "Chart Demo 1" */;
			compatibilityVersion = "Xcode 14.0";
			developmentRegion = en;
			hasScannedForEncodings = 0;
			knownRegions = (
				en,
				Base,
			);
			mainGroup = 4C2B0FFB2A4183D50028ED83;
			productRefGroup = 4C2B10052A4183D50028ED83 /* Products */;
			projectDirPath = "";
			projectRoot = "";
			targets = (
				4C2B10032A4183D50028ED83 /* Chart Demo 1 */,
			);
		};
/* End PBXProject section */

/* Begin PBXResourcesBuildPhase section */
		4C2B10022A4183D50028ED83 /* Resources */ = {
			isa = PBXResourcesBuildPhase;
			buildActionMask = 2147483647;
			files = (
				4C2B10102A4183D60028ED83 /* Preview Assets.xcassets in Resources */,
				4C2B100C2A4183D60028ED83 /* Assets.xcassets in Resources */,
			);
			runOnlyForDeploymentPostprocessing = 0;
		};
/* End PBXResourcesBuildPhase section */

/* Begin PBXSourcesBuildPhase section */
		4C2B10002A4183D50028ED83 /* Sources */ = {
			isa = PBXSourcesBuildPhase;
			buildActionMask = 2147483647;
			files = (
				4C2B10192A4184400028ED83 /* ColorfulButtonView.swift in Sources */,
				4C2B101B2A4184540028ED83 /* RandomArcFromColorListView.swift in Sources */,
				4C2B10172A4183F20028ED83 /* Color Extension.swift in Sources */,
				4C2B101D2A41846D0028ED83 /* ArcView.swift in Sources */,
				4C2B10252A41D6560028ED83 /* Data File.swift in Sources */,
				4C2B101F2A4184800028ED83 /* TestColorButtonView.swift in Sources */,
				4C2B100A2A4183D50028ED83 /* ContentView.swift in Sources */,
				4C2B10082A4183D50028ED83 /* Chart_Demo_1App.swift in Sources */,
			);
			runOnlyForDeploymentPostprocessing = 0;
		};
/* End PBXSourcesBuildPhase section */

/* Begin XCBuildConfiguration section */
		4C2B10112A4183D60028ED83 /* Debug */ = {
			isa = XCBuildConfiguration;
			buildSettings = {
				ALWAYS_SEARCH_USER_PATHS = NO;
				CLANG_ANALYZER_NONNULL = YES;
				CLANG_ANALYZER_NUMBER_OBJECT_CONVERSION = YES_AGGRESSIVE;
				CLANG_CXX_LANGUAGE_STANDARD = "gnu++20";
				CLANG_ENABLE_MODULES = YES;
				CLANG_ENABLE_OBJC_ARC = YES;
				CLANG_ENABLE_OBJC_WEAK = YES;
				CLANG_WARN_BLOCK_CAPTURE_AUTORELEASING = YES;
				CLANG_WARN_BOOL_CONVERSION = YES;
				CLANG_WARN_COMMA = YES;
				CLANG_WARN_CONSTANT_CONVERSION = YES;
				CLANG_WARN_DEPRECATED_OBJC_IMPLEMENTATIONS = YES;
				CLANG_WARN_DIRECT_OBJC_ISA_USAGE = YES_ERROR;
				CLANG_WARN_DOCUMENTATION_COMMENTS = YES;
				CLANG_WARN_EMPTY_BODY = YES;
				CLANG_WARN_ENUM_CONVERSION = YES;
				CLANG_WARN_INFINITE_RECURSION = YES;
				CLANG_WARN_INT_CONVERSION = YES;
				CLANG_WARN_NON_LITERAL_NULL_CONVERSION = YES;
				CLANG_WARN_OBJC_IMPLICIT_RETAIN_SELF = YES;
				CLANG_WARN_OBJC_LITERAL_CONVERSION = YES;
				CLANG_WARN_OBJC_ROOT_CLASS = YES_ERROR;
				CLANG_WARN_QUOTED_INCLUDE_IN_FRAMEWORK_HEADER = YES;
				CLANG_WARN_RANGE_LOOP_ANALYSIS = YES;
				CLANG_WARN_STRICT_PROTOTYPES = YES;
				CLANG_WARN_SUSPICIOUS_MOVE = YES;
				CLANG_WARN_UNGUARDED_AVAILABILITY = YES_AGGRESSIVE;
				CLANG_WARN_UNREACHABLE_CODE = YES;
				CLANG_WARN__DUPLICATE_METHOD_MATCH = YES;
				COPY_PHASE_STRIP = NO;
				DEBUG_INFORMATION_FORMAT = dwarf;
				ENABLE_STRICT_OBJC_MSGSEND = YES;
				ENABLE_TESTABILITY = YES;
				GCC_C_LANGUAGE_STANDARD = gnu11;
				GCC_DYNAMIC_NO_PIC = NO;
				GCC_NO_COMMON_BLOCKS = YES;
				GCC_OPTIMIZATION_LEVEL = 0;
				GCC_PREPROCESSOR_DEFINITIONS = (
					"DEBUG=1",
					"$(inherited)",
				);
				GCC_WARN_64_TO_32_BIT_CONVERSION = YES;
				GCC_WARN_ABOUT_RETURN_TYPE = YES_ERROR;
				GCC_WARN_UNDECLARED_SELECTOR = YES;
				GCC_WARN_UNINITIALIZED_AUTOS = YES_AGGRESSIVE;
				GCC_WARN_UNUSED_FUNCTION = YES;
				GCC_WARN_UNUSED_VARIABLE = YES;
				MTL_ENABLE_DEBUG_INFO = INCLUDE_SOURCE;
				MTL_FAST_MATH = YES;
				ONLY_ACTIVE_ARCH = YES;
				SWIFT_ACTIVE_COMPILATION_CONDITIONS = DEBUG;
				SWIFT_OPTIMIZATION_LEVEL = "-Onone";
			};
			name = Debug;
		};
		4C2B10122A4183D60028ED83 /* Release */ = {
			isa = XCBuildConfiguration;
			buildSettings = {
				ALWAYS_SEARCH_USER_PATHS = NO;
				CLANG_ANALYZER_NONNULL = YES;
				CLANG_ANALYZER_NUMBER_OBJECT_CONVERSION = YES_AGGRESSIVE;
				CLANG_CXX_LANGUAGE_STANDARD = "gnu++20";
				CLANG_ENABLE_MODULES = YES;
				CLANG_ENABLE_OBJC_ARC = YES;
				CLANG_ENABLE_OBJC_WEAK = YES;
				CLANG_WARN_BLOCK_CAPTURE_AUTORELEASING = YES;
				CLANG_WARN_BOOL_CONVERSION = YES;
				CLANG_WARN_COMMA = YES;
				CLANG_WARN_CONSTANT_CONVERSION = YES;
				CLANG_WARN_DEPRECATED_OBJC_IMPLEMENTATIONS = YES;
				CLANG_WARN_DIRECT_OBJC_ISA_USAGE = YES_ERROR;
				CLANG_WARN_DOCUMENTATION_COMMENTS = YES;
				CLANG_WARN_EMPTY_BODY = YES;
				CLANG_WARN_ENUM_CONVERSION = YES;
				CLANG_WARN_INFINITE_RECURSION = YES;
				CLANG_WARN_INT_CONVERSION = YES;
				CLANG_WARN_NON_LITERAL_NULL_CONVERSION = YES;
				CLANG_WARN_OBJC_IMPLICIT_RETAIN_SELF = YES;
				CLANG_WARN_OBJC_LITERAL_CONVERSION = YES;
				CLANG_WARN_OBJC_ROOT_CLASS = YES_ERROR;
				CLANG_WARN_QUOTED_INCLUDE_IN_FRAMEWORK_HEADER = YES;
				CLANG_WARN_RANGE_LOOP_ANALYSIS = YES;
				CLANG_WARN_STRICT_PROTOTYPES = YES;
				CLANG_WARN_SUSPICIOUS_MOVE = YES;
				CLANG_WARN_UNGUARDED_AVAILABILITY = YES_AGGRESSIVE;
				CLANG_WARN_UNREACHABLE_CODE = YES;
				CLANG_WARN__DUPLICATE_METHOD_MATCH = YES;
				COPY_PHASE_STRIP = NO;
				DEBUG_INFORMATION_FORMAT = "dwarf-with-dsym";
				ENABLE_NS_ASSERTIONS = NO;
				ENABLE_STRICT_OBJC_MSGSEND = YES;
				GCC_C_LANGUAGE_STANDARD = gnu11;
				GCC_NO_COMMON_BLOCKS = YES;
				GCC_WARN_64_TO_32_BIT_CONVERSION = YES;
				GCC_WARN_ABOUT_RETURN_TYPE = YES_ERROR;
				GCC_WARN_UNDECLARED_SELECTOR = YES;
				GCC_WARN_UNINITIALIZED_AUTOS = YES_AGGRESSIVE;
				GCC_WARN_UNUSED_FUNCTION = YES;
				GCC_WARN_UNUSED_VARIABLE = YES;
				MTL_ENABLE_DEBUG_INFO = NO;
				MTL_FAST_MATH = YES;
				SWIFT_COMPILATION_MODE = wholemodule;
				SWIFT_OPTIMIZATION_LEVEL = "-O";
			};
			name = Release;
		};
		4C2B10142A4183D60028ED83 /* Debug */ = {
			isa = XCBuildConfiguration;
			buildSettings = {
				ASSETCATALOG_COMPILER_APPICON_NAME = AppIcon;
				ASSETCATALOG_COMPILER_GLOBAL_ACCENT_COLOR_NAME = AccentColor;
				CODE_SIGN_ENTITLEMENTS = "Chart Demo 1/Chart_Demo_1.entitlements";
				CODE_SIGN_STYLE = Automatic;
				CURRENT_PROJECT_VERSION = 1;
				DEVELOPMENT_ASSET_PATHS = "\"Chart Demo 1/Preview Content\"";
				DEVELOPMENT_TEAM = 9847RZ3V98;
				ENABLE_HARDENED_RUNTIME = YES;
				ENABLE_PREVIEWS = YES;
				GENERATE_INFOPLIST_FILE = YES;
				"INFOPLIST_KEY_UIApplicationSceneManifest_Generation[sdk=iphoneos*]" = YES;
				"INFOPLIST_KEY_UIApplicationSceneManifest_Generation[sdk=iphonesimulator*]" = YES;
				"INFOPLIST_KEY_UIApplicationSupportsIndirectInputEvents[sdk=iphoneos*]" = YES;
				"INFOPLIST_KEY_UIApplicationSupportsIndirectInputEvents[sdk=iphonesimulator*]" = YES;
				"INFOPLIST_KEY_UILaunchScreen_Generation[sdk=iphoneos*]" = YES;
				"INFOPLIST_KEY_UILaunchScreen_Generation[sdk=iphonesimulator*]" = YES;
				"INFOPLIST_KEY_UIStatusBarStyle[sdk=iphoneos*]" = UIStatusBarStyleDefault;
				"INFOPLIST_KEY_UIStatusBarStyle[sdk=iphonesimulator*]" = UIStatusBarStyleDefault;
				INFOPLIST_KEY_UISupportedInterfaceOrientations_iPad = "UIInterfaceOrientationPortrait UIInterfaceOrientationPortraitUpsideDown UIInterfaceOrientationLandscapeLeft UIInterfaceOrientationLandscapeRight";
				INFOPLIST_KEY_UISupportedInterfaceOrientations_iPhone = "UIInterfaceOrientationPortrait UIInterfaceOrientationLandscapeLeft UIInterfaceOrientationLandscapeRight";
				IPHONEOS_DEPLOYMENT_TARGET = 16.4;
				LD_RUNPATH_SEARCH_PATHS = "@executable_path/Frameworks";
				"LD_RUNPATH_SEARCH_PATHS[sdk=macosx*]" = "@executable_path/../Frameworks";
				MACOSX_DEPLOYMENT_TARGET = 13.3;
				MARKETING_VERSION = 1.0;
				PRODUCT_BUNDLE_IDENTIFIER = "com.heath.swift.Chart-Demo-1";
				PRODUCT_NAME = "$(TARGET_NAME)";
				SDKROOT = auto;
				SUPPORTED_PLATFORMS = "iphoneos iphonesimulator macosx";
				SWIFT_EMIT_LOC_STRINGS = YES;
				SWIFT_VERSION = 5.0;
				TARGETED_DEVICE_FAMILY = "1,2";
			};
			name = Debug;
		};
		4C2B10152A4183D60028ED83 /* Release */ = {
			isa = XCBuildConfiguration;
			buildSettings = {
				ASSETCATALOG_COMPILER_APPICON_NAME = AppIcon;
				ASSETCATALOG_COMPILER_GLOBAL_ACCENT_COLOR_NAME = AccentColor;
				CODE_SIGN_ENTITLEMENTS = "Chart Demo 1/Chart_Demo_1.entitlements";
				CODE_SIGN_STYLE = Automatic;
				CURRENT_PROJECT_VERSION = 1;
				DEVELOPMENT_ASSET_PATHS = "\"Chart Demo 1/Preview Content\"";
				DEVELOPMENT_TEAM = 9847RZ3V98;
				ENABLE_HARDENED_RUNTIME = YES;
				ENABLE_PREVIEWS = YES;
				GENERATE_INFOPLIST_FILE = YES;
				"INFOPLIST_KEY_UIApplicationSceneManifest_Generation[sdk=iphoneos*]" = YES;
				"INFOPLIST_KEY_UIApplicationSceneManifest_Generation[sdk=iphonesimulator*]" = YES;
				"INFOPLIST_KEY_UIApplicationSupportsIndirectInputEvents[sdk=iphoneos*]" = YES;
				"INFOPLIST_KEY_UIApplicationSupportsIndirectInputEvents[sdk=iphonesimulator*]" = YES;
				"INFOPLIST_KEY_UILaunchScreen_Generation[sdk=iphoneos*]" = YES;
				"INFOPLIST_KEY_UILaunchScreen_Generation[sdk=iphonesimulator*]" = YES;
				"INFOPLIST_KEY_UIStatusBarStyle[sdk=iphoneos*]" = UIStatusBarStyleDefault;
				"INFOPLIST_KEY_UIStatusBarStyle[sdk=iphonesimulator*]" = UIStatusBarStyleDefault;
				INFOPLIST_KEY_UISupportedInterfaceOrientations_iPad = "UIInterfaceOrientationPortrait UIInterfaceOrientationPortraitUpsideDown UIInterfaceOrientationLandscapeLeft UIInterfaceOrientationLandscapeRight";
				INFOPLIST_KEY_UISupportedInterfaceOrientations_iPhone = "UIInterfaceOrientationPortrait UIInterfaceOrientationLandscapeLeft UIInterfaceOrientationLandscapeRight";
				IPHONEOS_DEPLOYMENT_TARGET = 16.4;
				LD_RUNPATH_SEARCH_PATHS = "@executable_path/Frameworks";
				"LD_RUNPATH_SEARCH_PATHS[sdk=macosx*]" = "@executable_path/../Frameworks";
				MACOSX_DEPLOYMENT_TARGET = 13.3;
				MARKETING_VERSION = 1.0;
				PRODUCT_BUNDLE_IDENTIFIER = "com.heath.swift.Chart-Demo-1";
				PRODUCT_NAME = "$(TARGET_NAME)";
				SDKROOT = auto;
				SUPPORTED_PLATFORMS = "iphoneos iphonesimulator macosx";
				SWIFT_EMIT_LOC_STRINGS = YES;
				SWIFT_VERSION = 5.0;
				TARGETED_DEVICE_FAMILY = "1,2";
			};
			name = Release;
		};
/* End XCBuildConfiguration section */

/* Begin XCConfigurationList section */
		4C2B0FFF2A4183D50028ED83 /* Build configuration list for PBXProject "Chart Demo 1" */ = {
			isa = XCConfigurationList;
			buildConfigurations = (
				4C2B10112A4183D60028ED83 /* Debug */,
				4C2B10122A4183D60028ED83 /* Release */,
			);
			defaultConfigurationIsVisible = 0;
			defaultConfigurationName = Release;
		};
		4C2B10132A4183D60028ED83 /* Build configuration list for PBXNativeTarget "Chart Demo 1" */ = {
			isa = XCConfigurationList;
			buildConfigurations = (
				4C2B10142A4183D60028ED83 /* Debug */,
				4C2B10152A4183D60028ED83 /* Release */,
			);
			defaultConfigurationIsVisible = 0;
			defaultConfigurationName = Release;
		};
/* End XCConfigurationList section */
	};
	rootObject = 4C2B0FFC2A4183D50028ED83 /* Project object */;
}
