// !$*UTF8*$!
{
	archiveVersion = 1;
	classes = {
	};
	objectVersion = 56;
	objects = {

/* Begin PBXBuildFile section */
		4CABE8C12AB2E36600BD6829 /* TestAppApp.swift in Sources */ = {isa = PBXBuildFile; fileRef = 4CABE8C02AB2E36600BD6829 /* TestAppApp.swift */; };
		4CABE8C32AB2E36600BD6829 /* ContentView.swift in Sources */ = {isa = PBXBuildFile; fileRef = 4CABE8C22AB2E36600BD6829 /* ContentView.swift */; };
		4CABE8C52AB2E36700BD6829 /* Assets.xcassets in Resources */ = {isa = PBXBuildFile; fileRef = 4CABE8C42AB2E36700BD6829 /* Assets.xcassets */; };
		4CABE8C82AB2E36700BD6829 /* Preview Assets.xcassets in Resources */ = {isa = PBXBuildFile; fileRef = 4CABE8C72AB2E36700BD6829 /* Preview Assets.xcassets */; };
		4CABE8D02AB2E3B700BD6829 /* SVGView in Frameworks */ = {isa = PBXBuildFile; productRef = 4CABE8CF2AB2E3B700BD6829 /* SVGView */; };
		4CABE8D52AB2E5C900BD6829 /* SwiftSVG in Frameworks */ = {isa = PBXBuildFile; productRef = 4CABE8D42AB2E5C900BD6829 /* SwiftSVG */; };
		4CABE9762AB82C6B00BD6829 /* SVGKit in Frameworks */ = {isa = PBXBuildFile; productRef = 4CABE9752AB82C6B00BD6829 /* SVGKit */; };
		4CABE9782AB82C6B00BD6829 /* SVGKitSwift in Frameworks */ = {isa = PBXBuildFile; productRef = 4CABE9772AB82C6B00BD6829 /* SVGKitSwift */; };
		4CABE97D2AB91D0800BD6829 /* CardView.swift in Sources */ = {isa = PBXBuildFile; fileRef = 4CABE97C2AB91D0800BD6829 /* CardView.swift */; };
		4CABE9872AB95DB800BD6829 /* View.xib in Resources */ = {isa = PBXBuildFile; fileRef = 4CABE9862AB95DB800BD6829 /* View.xib */; };
		4CABE9892AB9625F00BD6829 /* tester2.svg in Resources */ = {isa = PBXBuildFile; fileRef = 4CABE9882AB9625F00BD6829 /* tester2.svg */; };
		4CABE9D22ABA6EE200BD6829 /* 1443.svg in Resources */ = {isa = PBXBuildFile; fileRef = 4CABE9D12ABA6EE200BD6829 /* 1443.svg */; };
		4CABE9D42ABA78FB00BD6829 /* web@1552.svg in Resources */ = {isa = PBXBuildFile; fileRef = 4CABE9D32ABA78FB00BD6829 /* web@1552.svg */; };
		4CABE9D62ABA7B7D00BD6829 /* png@1529.svg in Resources */ = {isa = PBXBuildFile; fileRef = 4CABE9D52ABA7B7C00BD6829 /* png@1529.svg */; };
		4CABE9D82ABA806B00BD6829 /* web-modifier.svg in Resources */ = {isa = PBXBuildFile; fileRef = 4CABE9D72ABA806B00BD6829 /* web-modifier.svg */; };
		4CABE9DA2ABA83FD00BD6829 /* web-modifier2.svg in Resources */ = {isa = PBXBuildFile; fileRef = 4CABE9D92ABA83FD00BD6829 /* web-modifier2.svg */; };
		4CABE9DC2ABA8BDE00BD6829 /* test.swift in Sources */ = {isa = PBXBuildFile; fileRef = 4CABE9DB2ABA8BDE00BD6829 /* test.swift */; };
/* End PBXBuildFile section */

/* Begin PBXFileReference section */
		4CABE8BD2AB2E36600BD6829 /* TestApp.app */ = {isa = PBXFileReference; explicitFileType = wrapper.application; includeInIndex = 0; path = TestApp.app; sourceTree = BUILT_PRODUCTS_DIR; };
		4CABE8C02AB2E36600BD6829 /* TestAppApp.swift */ = {isa = PBXFileReference; lastKnownFileType = sourcecode.swift; path = TestAppApp.swift; sourceTree = "<group>"; };
		4CABE8C22AB2E36600BD6829 /* ContentView.swift */ = {isa = PBXFileReference; lastKnownFileType = sourcecode.swift; path = ContentView.swift; sourceTree = "<group>"; };
		4CABE8C42AB2E36700BD6829 /* Assets.xcassets */ = {isa = PBXFileReference; lastKnownFileType = folder.assetcatalog; path = Assets.xcassets; sourceTree = "<group>"; };
		4CABE8C72AB2E36700BD6829 /* Preview Assets.xcassets */ = {isa = PBXFileReference; lastKnownFileType = folder.assetcatalog; path = "Preview Assets.xcassets"; sourceTree = "<group>"; };
		4CABE97C2AB91D0800BD6829 /* CardView.swift */ = {isa = PBXFileReference; lastKnownFileType = sourcecode.swift; path = CardView.swift; sourceTree = "<group>"; };
		4CABE9862AB95DB800BD6829 /* View.xib */ = {isa = PBXFileReference; lastKnownFileType = file.xib; path = View.xib; sourceTree = "<group>"; };
		4CABE9882AB9625F00BD6829 /* tester2.svg */ = {isa = PBXFileReference; fileEncoding = 4; lastKnownFileType = text.xml; path = tester2.svg; sourceTree = "<group>"; };
		4CABE9D12ABA6EE200BD6829 /* 1443.svg */ = {isa = PBXFileReference; fileEncoding = 4; lastKnownFileType = text.xml; path = 1443.svg; sourceTree = "<group>"; };
		4CABE9D32ABA78FB00BD6829 /* web@1552.svg */ = {isa = PBXFileReference; fileEncoding = 4; lastKnownFileType = text.xml; path = "web@1552.svg"; sourceTree = "<group>"; };
		4CABE9D52ABA7B7C00BD6829 /* png@1529.svg */ = {isa = PBXFileReference; fileEncoding = 4; lastKnownFileType = text.xml; path = "png@1529.svg"; sourceTree = "<group>"; };
		4CABE9D72ABA806B00BD6829 /* web-modifier.svg */ = {isa = PBXFileReference; fileEncoding = 4; lastKnownFileType = text.xml; path = "web-modifier.svg"; sourceTree = "<group>"; };
		4CABE9D92ABA83FD00BD6829 /* web-modifier2.svg */ = {isa = PBXFileReference; fileEncoding = 4; lastKnownFileType = text.xml; path = "web-modifier2.svg"; sourceTree = "<group>"; };
		4CABE9DB2ABA8BDE00BD6829 /* test.swift */ = {isa = PBXFileReference; lastKnownFileType = sourcecode.swift; path = test.swift; sourceTree = "<group>"; };
/* End PBXFileReference section */

/* Begin PBXFrameworksBuildPhase section */
		4CABE8BA2AB2E36600BD6829 /* Frameworks */ = {
			isa = PBXFrameworksBuildPhase;
			buildActionMask = 2147483647;
			files = (
				4CABE9782AB82C6B00BD6829 /* SVGKitSwift in Frameworks */,
				4CABE9762AB82C6B00BD6829 /* SVGKit in Frameworks */,
				4CABE8D02AB2E3B700BD6829 /* SVGView in Frameworks */,
				4CABE8D52AB2E5C900BD6829 /* SwiftSVG in Frameworks */,
			);
			runOnlyForDeploymentPostprocessing = 0;
		};
/* End PBXFrameworksBuildPhase section */

/* Begin PBXGroup section */
		4CABE8B42AB2E36600BD6829 = {
			isa = PBXGroup;
			children = (
				4CABE8BF2AB2E36600BD6829 /* TestApp */,
				4CABE8BE2AB2E36600BD6829 /* Products */,
			);
			sourceTree = "<group>";
		};
		4CABE8BE2AB2E36600BD6829 /* Products */ = {
			isa = PBXGroup;
			children = (
				4CABE8BD2AB2E36600BD6829 /* TestApp.app */,
			);
			name = Products;
			sourceTree = "<group>";
		};
		4CABE8BF2AB2E36600BD6829 /* TestApp */ = {
			isa = PBXGroup;
			children = (
				4CABE9D12ABA6EE200BD6829 /* 1443.svg */,
				4CABE9D72ABA806B00BD6829 /* web-modifier.svg */,
				4CABE9D92ABA83FD00BD6829 /* web-modifier2.svg */,
				4CABE9D32ABA78FB00BD6829 /* web@1552.svg */,
				4CABE9D52ABA7B7C00BD6829 /* png@1529.svg */,
				4CABE9882AB9625F00BD6829 /* tester2.svg */,
				4CABE97B2AB82CB200BD6829 /* svg */,
				4CABE8D22AB2E4D400BD6829 /* New Group */,
				4CABE8D12AB2E3C500BD6829 /* Views */,
				4CABE8C02AB2E36600BD6829 /* TestAppApp.swift */,
				4CABE8C22AB2E36600BD6829 /* ContentView.swift */,
				4CABE8C42AB2E36700BD6829 /* Assets.xcassets */,
				4CABE8C62AB2E36700BD6829 /* Preview Content */,
				4CABE9862AB95DB800BD6829 /* View.xib */,
				4CABE9DB2ABA8BDE00BD6829 /* test.swift */,
			);
			path = TestApp;
			sourceTree = "<group>";
		};
		4CABE8C62AB2E36700BD6829 /* Preview Content */ = {
			isa = PBXGroup;
			children = (
				4CABE8C72AB2E36700BD6829 /* Preview Assets.xcassets */,
			);
			path = "Preview Content";
			sourceTree = "<group>";
		};
		4CABE8D12AB2E3C500BD6829 /* Views */ = {
			isa = PBXGroup;
			children = (
				4CABE97C2AB91D0800BD6829 /* CardView.swift */,
			);
			path = Views;
			sourceTree = "<group>";
		};
		4CABE8D22AB2E4D400BD6829 /* New Group */ = {
			isa = PBXGroup;
			children = (
			);
			path = "New Group";
			sourceTree = "<group>";
		};
		4CABE97B2AB82CB200BD6829 /* svg */ = {
			isa = PBXGroup;
			children = (
			);
			path = svg;
			sourceTree = "<group>";
		};
/* End PBXGroup section */

/* Begin PBXNativeTarget section */
		4CABE8BC2AB2E36600BD6829 /* TestApp */ = {
			isa = PBXNativeTarget;
			buildConfigurationList = 4CABE8CB2AB2E36700BD6829 /* Build configuration list for PBXNativeTarget "TestApp" */;
			buildPhases = (
				4CABE8B92AB2E36600BD6829 /* Sources */,
				4CABE8BA2AB2E36600BD6829 /* Frameworks */,
				4CABE8BB2AB2E36600BD6829 /* Resources */,
			);
			buildRules = (
			);
			dependencies = (
			);
			name = TestApp;
			packageProductDependencies = (
				4CABE8CF2AB2E3B700BD6829 /* SVGView */,
				4CABE8D42AB2E5C900BD6829 /* SwiftSVG */,
				4CABE9752AB82C6B00BD6829 /* SVGKit */,
				4CABE9772AB82C6B00BD6829 /* SVGKitSwift */,
			);
			productName = TestApp;
			productReference = 4CABE8BD2AB2E36600BD6829 /* TestApp.app */;
			productType = "com.apple.product-type.application";
		};
/* End PBXNativeTarget section */

/* Begin PBXProject section */
		4CABE8B52AB2E36600BD6829 /* Project object */ = {
			isa = PBXProject;
			attributes = {
				BuildIndependentTargetsInParallel = 1;
				LastSwiftUpdateCheck = 1430;
				LastUpgradeCheck = 1430;
				TargetAttributes = {
					4CABE8BC2AB2E36600BD6829 = {
						CreatedOnToolsVersion = 14.3.1;
					};
				};
			};
			buildConfigurationList = 4CABE8B82AB2E36600BD6829 /* Build configuration list for PBXProject "TestApp" */;
			compatibilityVersion = "Xcode 14.0";
			developmentRegion = en;
			hasScannedForEncodings = 0;
			knownRegions = (
				en,
				Base,
			);
			mainGroup = 4CABE8B42AB2E36600BD6829;
			packageReferences = (
				4CABE8CE2AB2E3B700BD6829 /* XCRemoteSwiftPackageReference "SVGView" */,
				4CABE8D32AB2E5C800BD6829 /* XCRemoteSwiftPackageReference "SwiftSVG" */,
				4CABE9742AB82C6B00BD6829 /* XCRemoteSwiftPackageReference "SVGKit" */,
			);
			productRefGroup = 4CABE8BE2AB2E36600BD6829 /* Products */;
			projectDirPath = "";
			projectRoot = "";
			targets = (
				4CABE8BC2AB2E36600BD6829 /* TestApp */,
			);
		};
/* End PBXProject section */

/* Begin PBXResourcesBuildPhase section */
		4CABE8BB2AB2E36600BD6829 /* Resources */ = {
			isa = PBXResourcesBuildPhase;
			buildActionMask = 2147483647;
			files = (
				4CABE9872AB95DB800BD6829 /* View.xib in Resources */,
				4CABE8C82AB2E36700BD6829 /* Preview Assets.xcassets in Resources */,
				4CABE9D82ABA806B00BD6829 /* web-modifier.svg in Resources */,
				4CABE9D42ABA78FB00BD6829 /* web@1552.svg in Resources */,
				4CABE8C52AB2E36700BD6829 /* Assets.xcassets in Resources */,
				4CABE9DA2ABA83FD00BD6829 /* web-modifier2.svg in Resources */,
				4CABE9D22ABA6EE200BD6829 /* 1443.svg in Resources */,
				4CABE9892AB9625F00BD6829 /* tester2.svg in Resources */,
				4CABE9D62ABA7B7D00BD6829 /* png@1529.svg in Resources */,
			);
			runOnlyForDeploymentPostprocessing = 0;
		};
/* End PBXResourcesBuildPhase section */

/* Begin PBXSourcesBuildPhase section */
		4CABE8B92AB2E36600BD6829 /* Sources */ = {
			isa = PBXSourcesBuildPhase;
			buildActionMask = 2147483647;
			files = (
				4CABE8C32AB2E36600BD6829 /* ContentView.swift in Sources */,
				4CABE9DC2ABA8BDE00BD6829 /* test.swift in Sources */,
				4CABE97D2AB91D0800BD6829 /* CardView.swift in Sources */,
				4CABE8C12AB2E36600BD6829 /* TestAppApp.swift in Sources */,
			);
			runOnlyForDeploymentPostprocessing = 0;
		};
/* End PBXSourcesBuildPhase section */

/* Begin XCBuildConfiguration section */
		4CABE8C92AB2E36700BD6829 /* Debug */ = {
			isa = XCBuildConfiguration;
			buildSettings = {
				ALWAYS_SEARCH_USER_PATHS = NO;
				CLANG_ANALYZER_NONNULL = YES;
				CLANG_ANALYZER_NUMBER_OBJECT_CONVERSION = YES_AGGRESSIVE;
				CLANG_CXX_LANGUAGE_STANDARD = "gnu++20";
				CLANG_ENABLE_MODULES = YES;
				CLANG_ENABLE_OBJC_ARC = YES;
				CLANG_ENABLE_OBJC_WEAK = YES;
				CLANG_WARN_BLOCK_CAPTURE_AUTORELEASING = YES;
				CLANG_WARN_BOOL_CONVERSION = YES;
				CLANG_WARN_COMMA = YES;
				CLANG_WARN_CONSTANT_CONVERSION = YES;
				CLANG_WARN_DEPRECATED_OBJC_IMPLEMENTATIONS = YES;
				CLANG_WARN_DIRECT_OBJC_ISA_USAGE = YES_ERROR;
				CLANG_WARN_DOCUMENTATION_COMMENTS = YES;
				CLANG_WARN_EMPTY_BODY = YES;
				CLANG_WARN_ENUM_CONVERSION = YES;
				CLANG_WARN_INFINITE_RECURSION = YES;
				CLANG_WARN_INT_CONVERSION = YES;
				CLANG_WARN_NON_LITERAL_NULL_CONVERSION = YES;
				CLANG_WARN_OBJC_IMPLICIT_RETAIN_SELF = YES;
				CLANG_WARN_OBJC_LITERAL_CONVERSION = YES;
				CLANG_WARN_OBJC_ROOT_CLASS = YES_ERROR;
				CLANG_WARN_QUOTED_INCLUDE_IN_FRAMEWORK_HEADER = YES;
				CLANG_WARN_RANGE_LOOP_ANALYSIS = YES;
				CLANG_WARN_STRICT_PROTOTYPES = YES;
				CLANG_WARN_SUSPICIOUS_MOVE = YES;
				CLANG_WARN_UNGUARDED_AVAILABILITY = YES_AGGRESSIVE;
				CLANG_WARN_UNREACHABLE_CODE = YES;
				CLANG_WARN__DUPLICATE_METHOD_MATCH = YES;
				COPY_PHASE_STRIP = NO;
				DEBUG_INFORMATION_FORMAT = dwarf;
				ENABLE_STRICT_OBJC_MSGSEND = YES;
				ENABLE_TESTABILITY = YES;
				GCC_C_LANGUAGE_STANDARD = gnu11;
				GCC_DYNAMIC_NO_PIC = NO;
				GCC_NO_COMMON_BLOCKS = YES;
				GCC_OPTIMIZATION_LEVEL = 0;
				GCC_PREPROCESSOR_DEFINITIONS = (
					"DEBUG=1",
					"$(inherited)",
				);
				GCC_WARN_64_TO_32_BIT_CONVERSION = YES;
				GCC_WARN_ABOUT_RETURN_TYPE = YES_ERROR;
				GCC_WARN_UNDECLARED_SELECTOR = YES;
				GCC_WARN_UNINITIALIZED_AUTOS = YES_AGGRESSIVE;
				GCC_WARN_UNUSED_FUNCTION = YES;
				GCC_WARN_UNUSED_VARIABLE = YES;
				IPHONEOS_DEPLOYMENT_TARGET = 16.4;
				MTL_ENABLE_DEBUG_INFO = INCLUDE_SOURCE;
				MTL_FAST_MATH = YES;
				ONLY_ACTIVE_ARCH = YES;
				SDKROOT = iphoneos;
				SWIFT_ACTIVE_COMPILATION_CONDITIONS = DEBUG;
				SWIFT_OPTIMIZATION_LEVEL = "-Onone";
			};
			name = Debug;
		};
		4CABE8CA2AB2E36700BD6829 /* Release */ = {
			isa = XCBuildConfiguration;
			buildSettings = {
				ALWAYS_SEARCH_USER_PATHS = NO;
				CLANG_ANALYZER_NONNULL = YES;
				CLANG_ANALYZER_NUMBER_OBJECT_CONVERSION = YES_AGGRESSIVE;
				CLANG_CXX_LANGUAGE_STANDARD = "gnu++20";
				CLANG_ENABLE_MODULES = YES;
				CLANG_ENABLE_OBJC_ARC = YES;
				CLANG_ENABLE_OBJC_WEAK = YES;
				CLANG_WARN_BLOCK_CAPTURE_AUTORELEASING = YES;
				CLANG_WARN_BOOL_CONVERSION = YES;
				CLANG_WARN_COMMA = YES;
				CLANG_WARN_CONSTANT_CONVERSION = YES;
				CLANG_WARN_DEPRECATED_OBJC_IMPLEMENTATIONS = YES;
				CLANG_WARN_DIRECT_OBJC_ISA_USAGE = YES_ERROR;
				CLANG_WARN_DOCUMENTATION_COMMENTS = YES;
				CLANG_WARN_EMPTY_BODY = YES;
				CLANG_WARN_ENUM_CONVERSION = YES;
				CLANG_WARN_INFINITE_RECURSION = YES;
				CLANG_WARN_INT_CONVERSION = YES;
				CLANG_WARN_NON_LITERAL_NULL_CONVERSION = YES;
				CLANG_WARN_OBJC_IMPLICIT_RETAIN_SELF = YES;
				CLANG_WARN_OBJC_LITERAL_CONVERSION = YES;
				CLANG_WARN_OBJC_ROOT_CLASS = YES_ERROR;
				CLANG_WARN_QUOTED_INCLUDE_IN_FRAMEWORK_HEADER = YES;
				CLANG_WARN_RANGE_LOOP_ANALYSIS = YES;
				CLANG_WARN_STRICT_PROTOTYPES = YES;
				CLANG_WARN_SUSPICIOUS_MOVE = YES;
				CLANG_WARN_UNGUARDED_AVAILABILITY = YES_AGGRESSIVE;
				CLANG_WARN_UNREACHABLE_CODE = YES;
				CLANG_WARN__DUPLICATE_METHOD_MATCH = YES;
				COPY_PHASE_STRIP = NO;
				DEBUG_INFORMATION_FORMAT = "dwarf-with-dsym";
				ENABLE_NS_ASSERTIONS = NO;
				ENABLE_STRICT_OBJC_MSGSEND = YES;
				GCC_C_LANGUAGE_STANDARD = gnu11;
				GCC_NO_COMMON_BLOCKS = YES;
				GCC_WARN_64_TO_32_BIT_CONVERSION = YES;
				GCC_WARN_ABOUT_RETURN_TYPE = YES_ERROR;
				GCC_WARN_UNDECLARED_SELECTOR = YES;
				GCC_WARN_UNINITIALIZED_AUTOS = YES_AGGRESSIVE;
				GCC_WARN_UNUSED_FUNCTION = YES;
				GCC_WARN_UNUSED_VARIABLE = YES;
				IPHONEOS_DEPLOYMENT_TARGET = 16.4;
				MTL_ENABLE_DEBUG_INFO = NO;
				MTL_FAST_MATH = YES;
				SDKROOT = iphoneos;
				SWIFT_COMPILATION_MODE = wholemodule;
				SWIFT_OPTIMIZATION_LEVEL = "-O";
				VALIDATE_PRODUCT = YES;
			};
			name = Release;
		};
		4CABE8CC2AB2E36700BD6829 /* Debug */ = {
			isa = XCBuildConfiguration;
			buildSettings = {
				ASSETCATALOG_COMPILER_APPICON_NAME = AppIcon;
				ASSETCATALOG_COMPILER_GLOBAL_ACCENT_COLOR_NAME = AccentColor;
				CODE_SIGN_STYLE = Automatic;
				CURRENT_PROJECT_VERSION = 1;
				DEVELOPMENT_ASSET_PATHS = "\"TestApp/Preview Content\"";
				DEVELOPMENT_TEAM = 9847RZ3V98;
				ENABLE_PREVIEWS = YES;
				GENERATE_INFOPLIST_FILE = YES;
				INFOPLIST_KEY_UIApplicationSceneManifest_Generation = YES;
				INFOPLIST_KEY_UIApplicationSupportsIndirectInputEvents = YES;
				INFOPLIST_KEY_UILaunchScreen_Generation = YES;
				INFOPLIST_KEY_UISupportedInterfaceOrientations_iPad = "UIInterfaceOrientationPortrait UIInterfaceOrientationPortraitUpsideDown UIInterfaceOrientationLandscapeLeft UIInterfaceOrientationLandscapeRight";
				INFOPLIST_KEY_UISupportedInterfaceOrientations_iPhone = "UIInterfaceOrientationPortrait UIInterfaceOrientationLandscapeLeft UIInterfaceOrientationLandscapeRight";
				LD_RUNPATH_SEARCH_PATHS = (
					"$(inherited)",
					"@executable_path/Frameworks",
				);
				MARKETING_VERSION = 1.0;
				PRODUCT_BUNDLE_IDENTIFIER = com.heath.swift.projects.TestApp;
				PRODUCT_NAME = "$(TARGET_NAME)";
				SWIFT_EMIT_LOC_STRINGS = YES;
				SWIFT_VERSION = 5.0;
				TARGETED_DEVICE_FAMILY = "1,2";
			};
			name = Debug;
		};
		4CABE8CD2AB2E36700BD6829 /* Release */ = {
			isa = XCBuildConfiguration;
			buildSettings = {
				ASSETCATALOG_COMPILER_APPICON_NAME = AppIcon;
				ASSETCATALOG_COMPILER_GLOBAL_ACCENT_COLOR_NAME = AccentColor;
				CODE_SIGN_STYLE = Automatic;
				CURRENT_PROJECT_VERSION = 1;
				DEVELOPMENT_ASSET_PATHS = "\"TestApp/Preview Content\"";
				DEVELOPMENT_TEAM = 9847RZ3V98;
				ENABLE_PREVIEWS = YES;
				GENERATE_INFOPLIST_FILE = YES;
				INFOPLIST_KEY_UIApplicationSceneManifest_Generation = YES;
				INFOPLIST_KEY_UIApplicationSupportsIndirectInputEvents = YES;
				INFOPLIST_KEY_UILaunchScreen_Generation = YES;
				INFOPLIST_KEY_UISupportedInterfaceOrientations_iPad = "UIInterfaceOrientationPortrait UIInterfaceOrientationPortraitUpsideDown UIInterfaceOrientationLandscapeLeft UIInterfaceOrientationLandscapeRight";
				INFOPLIST_KEY_UISupportedInterfaceOrientations_iPhone = "UIInterfaceOrientationPortrait UIInterfaceOrientationLandscapeLeft UIInterfaceOrientationLandscapeRight";
				LD_RUNPATH_SEARCH_PATHS = (
					"$(inherited)",
					"@executable_path/Frameworks",
				);
				MARKETING_VERSION = 1.0;
				PRODUCT_BUNDLE_IDENTIFIER = com.heath.swift.projects.TestApp;
				PRODUCT_NAME = "$(TARGET_NAME)";
				SWIFT_EMIT_LOC_STRINGS = YES;
				SWIFT_VERSION = 5.0;
				TARGETED_DEVICE_FAMILY = "1,2";
			};
			name = Release;
		};
/* End XCBuildConfiguration section */

/* Begin XCConfigurationList section */
		4CABE8B82AB2E36600BD6829 /* Build configuration list for PBXProject "TestApp" */ = {
			isa = XCConfigurationList;
			buildConfigurations = (
				4CABE8C92AB2E36700BD6829 /* Debug */,
				4CABE8CA2AB2E36700BD6829 /* Release */,
			);
			defaultConfigurationIsVisible = 0;
			defaultConfigurationName = Release;
		};
		4CABE8CB2AB2E36700BD6829 /* Build configuration list for PBXNativeTarget "TestApp" */ = {
			isa = XCConfigurationList;
			buildConfigurations = (
				4CABE8CC2AB2E36700BD6829 /* Debug */,
				4CABE8CD2AB2E36700BD6829 /* Release */,
			);
			defaultConfigurationIsVisible = 0;
			defaultConfigurationName = Release;
		};
/* End XCConfigurationList section */

/* Begin XCRemoteSwiftPackageReference section */
		4CABE8CE2AB2E3B700BD6829 /* XCRemoteSwiftPackageReference "SVGView" */ = {
			isa = XCRemoteSwiftPackageReference;
			repositoryURL = "https://github.com/exyte/SVGView.git";
			requirement = {
				kind = upToNextMajorVersion;
				minimumVersion = 1.0.0;
			};
		};
		4CABE8D32AB2E5C800BD6829 /* XCRemoteSwiftPackageReference "SwiftSVG" */ = {
			isa = XCRemoteSwiftPackageReference;
			repositoryURL = "https://github.com/mchoe/SwiftSVG";
			requirement = {
				branch = master;
				kind = branch;
			};
		};
		4CABE9742AB82C6B00BD6829 /* XCRemoteSwiftPackageReference "SVGKit" */ = {
			isa = XCRemoteSwiftPackageReference;
			repositoryURL = "https://github.com/SVGKit/SVGKit";
			requirement = {
				kind = upToNextMajorVersion;
				minimumVersion = 3.0.0;
			};
		};
/* End XCRemoteSwiftPackageReference section */

/* Begin XCSwiftPackageProductDependency section */
		4CABE8CF2AB2E3B700BD6829 /* SVGView */ = {
			isa = XCSwiftPackageProductDependency;
			package = 4CABE8CE2AB2E3B700BD6829 /* XCRemoteSwiftPackageReference "SVGView" */;
			productName = SVGView;
		};
		4CABE8D42AB2E5C900BD6829 /* SwiftSVG */ = {
			isa = XCSwiftPackageProductDependency;
			package = 4CABE8D32AB2E5C800BD6829 /* XCRemoteSwiftPackageReference "SwiftSVG" */;
			productName = SwiftSVG;
		};
		4CABE9752AB82C6B00BD6829 /* SVGKit */ = {
			isa = XCSwiftPackageProductDependency;
			package = 4CABE9742AB82C6B00BD6829 /* XCRemoteSwiftPackageReference "SVGKit" */;
			productName = SVGKit;
		};
		4CABE9772AB82C6B00BD6829 /* SVGKitSwift */ = {
			isa = XCSwiftPackageProductDependency;
			package = 4CABE9742AB82C6B00BD6829 /* XCRemoteSwiftPackageReference "SVGKit" */;
			productName = SVGKitSwift;
		};
/* End XCSwiftPackageProductDependency section */
	};
	rootObject = 4CABE8B52AB2E36600BD6829 /* Project object */;
}
