// !$*UTF8*$!
{
	archiveVersion = 1;
	classes = {
	};
	objectVersion = 56;
	objects = {

/* Begin PBXBuildFile section */
		4CABE83C2AB03EAA00BD6829 /* TouchdownApp.swift in Sources */ = {isa = PBXBuildFile; fileRef = 4CABE83B2AB03EAA00BD6829 /* TouchdownApp.swift */; };
		4CABE83E2AB03EAA00BD6829 /* ContentView.swift in Sources */ = {isa = PBXBuildFile; fileRef = 4CABE83D2AB03EAA00BD6829 /* ContentView.swift */; };
		4CABE8402AB03EAB00BD6829 /* Assets.xcassets in Resources */ = {isa = PBXBuildFile; fileRef = 4CABE83F2AB03EAB00BD6829 /* Assets.xcassets */; };
		4CABE8432AB03EAB00BD6829 /* Preview Assets.xcassets in Resources */ = {isa = PBXBuildFile; fileRef = 4CABE8422AB03EAB00BD6829 /* Preview Assets.xcassets */; };
		4CABE85B2AB0411900BD6829 /* Constant.swift in Sources */ = {isa = PBXBuildFile; fileRef = 4CABE85A2AB0411900BD6829 /* Constant.swift */; };
		4CABE85D2AB0422300BD6829 /* FooterView.swift in Sources */ = {isa = PBXBuildFile; fileRef = 4CABE85C2AB0422300BD6829 /* FooterView.swift */; };
		4CABE85F2AB1235800BD6829 /* NavigationBarView.swift in Sources */ = {isa = PBXBuildFile; fileRef = 4CABE85E2AB1235800BD6829 /* NavigationBarView.swift */; };
		4CABE8622AB1299300BD6829 /* LogoView.swift in Sources */ = {isa = PBXBuildFile; fileRef = 4CABE8612AB1299300BD6829 /* LogoView.swift */; };
		4CABE8642AB13AC000BD6829 /* PlayerModel.swift in Sources */ = {isa = PBXBuildFile; fileRef = 4CABE8632AB13AC000BD6829 /* PlayerModel.swift */; };
		4CABE8662AB13AEE00BD6829 /* CodableBundleExtension.swift in Sources */ = {isa = PBXBuildFile; fileRef = 4CABE8652AB13AEE00BD6829 /* CodableBundleExtension.swift */; };
		4CABE8682AB1401000BD6829 /* FeaturedItemView.swift in Sources */ = {isa = PBXBuildFile; fileRef = 4CABE8672AB1401000BD6829 /* FeaturedItemView.swift */; };
		4CABE87D2AB1770100BD6829 /* category.json in Resources */ = {isa = PBXBuildFile; fileRef = 4CABE8792AB176FF00BD6829 /* category.json */; };
		4CABE87E2AB1770100BD6829 /* product.json in Resources */ = {isa = PBXBuildFile; fileRef = 4CABE87A2AB1770000BD6829 /* product.json */; };
		4CABE87F2AB1770100BD6829 /* brand.json in Resources */ = {isa = PBXBuildFile; fileRef = 4CABE87B2AB1770000BD6829 /* brand.json */; };
		4CABE8802AB1770100BD6829 /* player.json in Resources */ = {isa = PBXBuildFile; fileRef = 4CABE87C2AB1770100BD6829 /* player.json */; };
		4CABE8822AB1785200BD6829 /* CategoryModel.swift in Sources */ = {isa = PBXBuildFile; fileRef = 4CABE8812AB1785200BD6829 /* CategoryModel.swift */; };
		4CABE8842AB17C7F00BD6829 /* FeaturedTabView.swift in Sources */ = {isa = PBXBuildFile; fileRef = 4CABE8832AB17C7F00BD6829 /* FeaturedTabView.swift */; };
		4CABE8862AB1850D00BD6829 /* CategoryItemView.swift in Sources */ = {isa = PBXBuildFile; fileRef = 4CABE8852AB1850D00BD6829 /* CategoryItemView.swift */; };
		4CABE8882AB1890F00BD6829 /*  CategoryGridView.swift in Sources */ = {isa = PBXBuildFile; fileRef = 4CABE8872AB1890F00BD6829 /*  CategoryGridView.swift */; };
		4CABE88A2AB18A4500BD6829 /* SectionView.swift in Sources */ = {isa = PBXBuildFile; fileRef = 4CABE8892AB18A4500BD6829 /* SectionView.swift */; };
		4CABE88D2AB27C3000BD6829 /* TitleView.swift in Sources */ = {isa = PBXBuildFile; fileRef = 4CABE88C2AB27C3000BD6829 /* TitleView.swift */; };
		4CABE8902AB27D1000BD6829 /* ProductModel.swift in Sources */ = {isa = PBXBuildFile; fileRef = 4CABE88E2AB27D1000BD6829 /* ProductModel.swift */; };
		4CABE8912AB27D1000BD6829 /* BrandModel.swift in Sources */ = {isa = PBXBuildFile; fileRef = 4CABE88F2AB27D1000BD6829 /* BrandModel.swift */; };
		4CABE8942AB27D7D00BD6829 /* ProductItemView.swift in Sources */ = {isa = PBXBuildFile; fileRef = 4CABE8932AB27D7D00BD6829 /* ProductItemView.swift */; };
		4CABE8962AB29EFE00BD6829 /* BrandItemView.swift in Sources */ = {isa = PBXBuildFile; fileRef = 4CABE8952AB29EFE00BD6829 /* BrandItemView.swift */; };
		4CABE8982AB2A31100BD6829 /* BrandGridView.swift in Sources */ = {isa = PBXBuildFile; fileRef = 4CABE8972AB2A31100BD6829 /* BrandGridView.swift */; };
		4CABE89C2AB2A4E900BD6829 /* ProductGridView.swift in Sources */ = {isa = PBXBuildFile; fileRef = 4CABE89B2AB2A4E900BD6829 /* ProductGridView.swift */; };
		4CABE8A52AB2A6DE00BD6829 /* ProductDetailView.swift in Sources */ = {isa = PBXBuildFile; fileRef = 4CABE8A42AB2A6DE00BD6829 /* ProductDetailView.swift */; };
		4CABE8A72AB2A7FC00BD6829 /* NavigationBarDetailView.swift in Sources */ = {isa = PBXBuildFile; fileRef = 4CABE8A62AB2A7FC00BD6829 /* NavigationBarDetailView.swift */; };
		4CABE8AB2AB2D1D900BD6829 /* HeaderDetailView.swift in Sources */ = {isa = PBXBuildFile; fileRef = 4CABE8AA2AB2D1D900BD6829 /* HeaderDetailView.swift */; };
		4CABE8AD2AB2D29A00BD6829 /* TopPartDetailView.swift in Sources */ = {isa = PBXBuildFile; fileRef = 4CABE8AC2AB2D29A00BD6829 /* TopPartDetailView.swift */; };
		4CABE8AF2AB2D96700BD6829 /* BottomPartDetailView.swift in Sources */ = {isa = PBXBuildFile; fileRef = 4CABE8AE2AB2D96700BD6829 /* BottomPartDetailView.swift */; };
		4CABE8B12AB2DEE000BD6829 /* CustomShape.swift in Sources */ = {isa = PBXBuildFile; fileRef = 4CABE8B02AB2DEE000BD6829 /* CustomShape.swift */; };
		4CABE8B32AB2E31100BD6829 /* RatingsSizesDetailView.swift in Sources */ = {isa = PBXBuildFile; fileRef = 4CABE8B22AB2E31100BD6829 /* RatingsSizesDetailView.swift */; };
		4CABE8D72AB3D78600BD6829 /* QuantityFavouriteDetailView.swift in Sources */ = {isa = PBXBuildFile; fileRef = 4CABE8D62AB3D78600BD6829 /* QuantityFavouriteDetailView.swift */; };
		4CABE8D92AB3DB3900BD6829 /* AddToCartDetailView.swift in Sources */ = {isa = PBXBuildFile; fileRef = 4CABE8D82AB3DB3900BD6829 /* AddToCartDetailView.swift */; };
		4CABE8DB2AB3F03400BD6829 /* Shop.swift in Sources */ = {isa = PBXBuildFile; fileRef = 4CABE8DA2AB3F03400BD6829 /* Shop.swift */; };
/* End PBXBuildFile section */

/* Begin PBXFileReference section */
		4CABE8382AB03EAA00BD6829 /* Touchdown.app */ = {isa = PBXFileReference; explicitFileType = wrapper.application; includeInIndex = 0; path = Touchdown.app; sourceTree = BUILT_PRODUCTS_DIR; };
		4CABE83B2AB03EAA00BD6829 /* TouchdownApp.swift */ = {isa = PBXFileReference; lastKnownFileType = sourcecode.swift; path = TouchdownApp.swift; sourceTree = "<group>"; };
		4CABE83D2AB03EAA00BD6829 /* ContentView.swift */ = {isa = PBXFileReference; lastKnownFileType = sourcecode.swift; path = ContentView.swift; sourceTree = "<group>"; };
		4CABE83F2AB03EAB00BD6829 /* Assets.xcassets */ = {isa = PBXFileReference; lastKnownFileType = folder.assetcatalog; path = Assets.xcassets; sourceTree = "<group>"; };
		4CABE8422AB03EAB00BD6829 /* Preview Assets.xcassets */ = {isa = PBXFileReference; lastKnownFileType = folder.assetcatalog; path = "Preview Assets.xcassets"; sourceTree = "<group>"; };
		4CABE8492AB03ECE00BD6829 /* Info.plist */ = {isa = PBXFileReference; lastKnownFileType = text.plist; path = Info.plist; sourceTree = "<group>"; };
		4CABE85A2AB0411900BD6829 /* Constant.swift */ = {isa = PBXFileReference; lastKnownFileType = sourcecode.swift; path = Constant.swift; sourceTree = "<group>"; };
		4CABE85C2AB0422300BD6829 /* FooterView.swift */ = {isa = PBXFileReference; lastKnownFileType = sourcecode.swift; path = FooterView.swift; sourceTree = "<group>"; };
		4CABE85E2AB1235800BD6829 /* NavigationBarView.swift */ = {isa = PBXFileReference; lastKnownFileType = sourcecode.swift; path = NavigationBarView.swift; sourceTree = "<group>"; };
		4CABE8612AB1299300BD6829 /* LogoView.swift */ = {isa = PBXFileReference; lastKnownFileType = sourcecode.swift; path = LogoView.swift; sourceTree = "<group>"; };
		4CABE8632AB13AC000BD6829 /* PlayerModel.swift */ = {isa = PBXFileReference; lastKnownFileType = sourcecode.swift; path = PlayerModel.swift; sourceTree = "<group>"; };
		4CABE8652AB13AEE00BD6829 /* CodableBundleExtension.swift */ = {isa = PBXFileReference; lastKnownFileType = sourcecode.swift; path = CodableBundleExtension.swift; sourceTree = "<group>"; };
		4CABE8672AB1401000BD6829 /* FeaturedItemView.swift */ = {isa = PBXFileReference; lastKnownFileType = sourcecode.swift; path = FeaturedItemView.swift; sourceTree = "<group>"; };
		4CABE8792AB176FF00BD6829 /* category.json */ = {isa = PBXFileReference; fileEncoding = 4; lastKnownFileType = text.json; path = category.json; sourceTree = "<group>"; };
		4CABE87A2AB1770000BD6829 /* product.json */ = {isa = PBXFileReference; fileEncoding = 4; lastKnownFileType = text.json; path = product.json; sourceTree = "<group>"; };
		4CABE87B2AB1770000BD6829 /* brand.json */ = {isa = PBXFileReference; fileEncoding = 4; lastKnownFileType = text.json; path = brand.json; sourceTree = "<group>"; };
		4CABE87C2AB1770100BD6829 /* player.json */ = {isa = PBXFileReference; fileEncoding = 4; lastKnownFileType = text.json; path = player.json; sourceTree = "<group>"; };
		4CABE8812AB1785200BD6829 /* CategoryModel.swift */ = {isa = PBXFileReference; fileEncoding = 4; lastKnownFileType = sourcecode.swift; path = CategoryModel.swift; sourceTree = "<group>"; };
		4CABE8832AB17C7F00BD6829 /* FeaturedTabView.swift */ = {isa = PBXFileReference; lastKnownFileType = sourcecode.swift; path = FeaturedTabView.swift; sourceTree = "<group>"; };
		4CABE8852AB1850D00BD6829 /* CategoryItemView.swift */ = {isa = PBXFileReference; lastKnownFileType = sourcecode.swift; path = CategoryItemView.swift; sourceTree = "<group>"; };
		4CABE8872AB1890F00BD6829 /*  CategoryGridView.swift */ = {isa = PBXFileReference; lastKnownFileType = sourcecode.swift; path = " CategoryGridView.swift"; sourceTree = "<group>"; };
		4CABE8892AB18A4500BD6829 /* SectionView.swift */ = {isa = PBXFileReference; lastKnownFileType = sourcecode.swift; path = SectionView.swift; sourceTree = "<group>"; };
		4CABE88C2AB27C3000BD6829 /* TitleView.swift */ = {isa = PBXFileReference; lastKnownFileType = sourcecode.swift; path = TitleView.swift; sourceTree = "<group>"; };
		4CABE88E2AB27D1000BD6829 /* ProductModel.swift */ = {isa = PBXFileReference; fileEncoding = 4; lastKnownFileType = sourcecode.swift; path = ProductModel.swift; sourceTree = "<group>"; };
		4CABE88F2AB27D1000BD6829 /* BrandModel.swift */ = {isa = PBXFileReference; fileEncoding = 4; lastKnownFileType = sourcecode.swift; path = BrandModel.swift; sourceTree = "<group>"; };
		4CABE8932AB27D7D00BD6829 /* ProductItemView.swift */ = {isa = PBXFileReference; lastKnownFileType = sourcecode.swift; path = ProductItemView.swift; sourceTree = "<group>"; };
		4CABE8952AB29EFE00BD6829 /* BrandItemView.swift */ = {isa = PBXFileReference; lastKnownFileType = sourcecode.swift; path = BrandItemView.swift; sourceTree = "<group>"; };
		4CABE8972AB2A31100BD6829 /* BrandGridView.swift */ = {isa = PBXFileReference; lastKnownFileType = sourcecode.swift; path = BrandGridView.swift; sourceTree = "<group>"; };
		4CABE89B2AB2A4E900BD6829 /* ProductGridView.swift */ = {isa = PBXFileReference; lastKnownFileType = sourcecode.swift; path = ProductGridView.swift; sourceTree = "<group>"; };
		4CABE8A42AB2A6DE00BD6829 /* ProductDetailView.swift */ = {isa = PBXFileReference; lastKnownFileType = sourcecode.swift; path = ProductDetailView.swift; sourceTree = "<group>"; };
		4CABE8A62AB2A7FC00BD6829 /* NavigationBarDetailView.swift */ = {isa = PBXFileReference; lastKnownFileType = sourcecode.swift; path = NavigationBarDetailView.swift; sourceTree = "<group>"; };
		4CABE8AA2AB2D1D900BD6829 /* HeaderDetailView.swift */ = {isa = PBXFileReference; lastKnownFileType = sourcecode.swift; path = HeaderDetailView.swift; sourceTree = "<group>"; };
		4CABE8AC2AB2D29A00BD6829 /* TopPartDetailView.swift */ = {isa = PBXFileReference; lastKnownFileType = sourcecode.swift; path = TopPartDetailView.swift; sourceTree = "<group>"; };
		4CABE8AE2AB2D96700BD6829 /* BottomPartDetailView.swift */ = {isa = PBXFileReference; lastKnownFileType = sourcecode.swift; path = BottomPartDetailView.swift; sourceTree = "<group>"; };
		4CABE8B02AB2DEE000BD6829 /* CustomShape.swift */ = {isa = PBXFileReference; lastKnownFileType = sourcecode.swift; path = CustomShape.swift; sourceTree = "<group>"; };
		4CABE8B22AB2E31100BD6829 /* RatingsSizesDetailView.swift */ = {isa = PBXFileReference; lastKnownFileType = sourcecode.swift; path = RatingsSizesDetailView.swift; sourceTree = "<group>"; };
		4CABE8D62AB3D78600BD6829 /* QuantityFavouriteDetailView.swift */ = {isa = PBXFileReference; lastKnownFileType = sourcecode.swift; path = QuantityFavouriteDetailView.swift; sourceTree = "<group>"; };
		4CABE8D82AB3DB3900BD6829 /* AddToCartDetailView.swift */ = {isa = PBXFileReference; lastKnownFileType = sourcecode.swift; path = AddToCartDetailView.swift; sourceTree = "<group>"; };
		4CABE8DA2AB3F03400BD6829 /* Shop.swift */ = {isa = PBXFileReference; lastKnownFileType = sourcecode.swift; path = Shop.swift; sourceTree = "<group>"; };
/* End PBXFileReference section */

/* Begin PBXFrameworksBuildPhase section */
		4CABE8352AB03EAA00BD6829 /* Frameworks */ = {
			isa = PBXFrameworksBuildPhase;
			buildActionMask = 2147483647;
			files = (
			);
			runOnlyForDeploymentPostprocessing = 0;
		};
/* End PBXFrameworksBuildPhase section */

/* Begin PBXGroup section */
		4CABE82F2AB03EAA00BD6829 = {
			isa = PBXGroup;
			children = (
				4CABE83A2AB03EAA00BD6829 /* Touchdown */,
				4CABE8392AB03EAA00BD6829 /* Products */,
			);
			sourceTree = "<group>";
		};
		4CABE8392AB03EAA00BD6829 /* Products */ = {
			isa = PBXGroup;
			children = (
				4CABE8382AB03EAA00BD6829 /* Touchdown.app */,
			);
			name = Products;
			sourceTree = "<group>";
		};
		4CABE83A2AB03EAA00BD6829 /* Touchdown */ = {
			isa = PBXGroup;
			children = (
				4CABE8782AB1769700BD6829 /* Data */,
				4CABE8542AB03FAE00BD6829 /* View */,
				4CABE8562AB03FBC00BD6829 /* App */,
				4CABE8532AB03FA800BD6829 /* Model */,
				4CABE8572AB03FC200BD6829 /* Extension */,
				4CABE8552AB03FB400BD6829 /* Utility */,
				4CABE8492AB03ECE00BD6829 /* Info.plist */,
				4CABE83F2AB03EAB00BD6829 /* Assets.xcassets */,
				4CABE8412AB03EAB00BD6829 /* Preview Content */,
			);
			path = Touchdown;
			sourceTree = "<group>";
		};
		4CABE8412AB03EAB00BD6829 /* Preview Content */ = {
			isa = PBXGroup;
			children = (
				4CABE8422AB03EAB00BD6829 /* Preview Assets.xcassets */,
			);
			path = "Preview Content";
			sourceTree = "<group>";
		};
		4CABE8532AB03FA800BD6829 /* Model */ = {
			isa = PBXGroup;
			children = (
				4CABE88F2AB27D1000BD6829 /* BrandModel.swift */,
				4CABE88E2AB27D1000BD6829 /* ProductModel.swift */,
				4CABE8632AB13AC000BD6829 /* PlayerModel.swift */,
				4CABE8812AB1785200BD6829 /* CategoryModel.swift */,
			);
			path = Model;
			sourceTree = "<group>";
		};
		4CABE8542AB03FAE00BD6829 /* View */ = {
			isa = PBXGroup;
			children = (
				4CABE8592AB03FE000BD6829 /* Detail */,
				4CABE8582AB03FD800BD6829 /* Home */,
			);
			path = View;
			sourceTree = "<group>";
		};
		4CABE8552AB03FB400BD6829 /* Utility */ = {
			isa = PBXGroup;
			children = (
				4CABE85A2AB0411900BD6829 /* Constant.swift */,
				4CABE8DA2AB3F03400BD6829 /* Shop.swift */,
			);
			path = Utility;
			sourceTree = "<group>";
		};
		4CABE8562AB03FBC00BD6829 /* App */ = {
			isa = PBXGroup;
			children = (
				4CABE83B2AB03EAA00BD6829 /* TouchdownApp.swift */,
				4CABE83D2AB03EAA00BD6829 /* ContentView.swift */,
			);
			path = App;
			sourceTree = "<group>";
		};
		4CABE8572AB03FC200BD6829 /* Extension */ = {
			isa = PBXGroup;
			children = (
				4CABE8652AB13AEE00BD6829 /* CodableBundleExtension.swift */,
			);
			path = Extension;
			sourceTree = "<group>";
		};
		4CABE8582AB03FD800BD6829 /* Home */ = {
			isa = PBXGroup;
			children = (
				4CABE8A12AB2A5BF00BD6829 /* Common */,
				4CABE8A02AB2A59700BD6829 /* FeaturedSwiper */,
				4CABE89F2AB2A58700BD6829 /* Brand */,
				4CABE89E2AB2A58000BD6829 /* Product */,
				4CABE89D2AB2A57800BD6829 /* Category */,
			);
			path = Home;
			sourceTree = "<group>";
		};
		4CABE8592AB03FE000BD6829 /* Detail */ = {
			isa = PBXGroup;
			children = (
				4CABE8A42AB2A6DE00BD6829 /* ProductDetailView.swift */,
				4CABE8A62AB2A7FC00BD6829 /* NavigationBarDetailView.swift */,
				4CABE8AA2AB2D1D900BD6829 /* HeaderDetailView.swift */,
				4CABE8AC2AB2D29A00BD6829 /* TopPartDetailView.swift */,
				4CABE8AE2AB2D96700BD6829 /* BottomPartDetailView.swift */,
				4CABE8B02AB2DEE000BD6829 /* CustomShape.swift */,
				4CABE8B22AB2E31100BD6829 /* RatingsSizesDetailView.swift */,
				4CABE8D62AB3D78600BD6829 /* QuantityFavouriteDetailView.swift */,
				4CABE8D82AB3DB3900BD6829 /* AddToCartDetailView.swift */,
			);
			path = Detail;
			sourceTree = "<group>";
		};
		4CABE8782AB1769700BD6829 /* Data */ = {
			isa = PBXGroup;
			children = (
				4CABE87B2AB1770000BD6829 /* brand.json */,
				4CABE8792AB176FF00BD6829 /* category.json */,
				4CABE87C2AB1770100BD6829 /* player.json */,
				4CABE87A2AB1770000BD6829 /* product.json */,
			);
			path = Data;
			sourceTree = "<group>";
		};
		4CABE89D2AB2A57800BD6829 /* Category */ = {
			isa = PBXGroup;
			children = (
				4CABE8892AB18A4500BD6829 /* SectionView.swift */,
				4CABE8852AB1850D00BD6829 /* CategoryItemView.swift */,
				4CABE8872AB1890F00BD6829 /*  CategoryGridView.swift */,
			);
			path = Category;
			sourceTree = "<group>";
		};
		4CABE89E2AB2A58000BD6829 /* Product */ = {
			isa = PBXGroup;
			children = (
				4CABE89B2AB2A4E900BD6829 /* ProductGridView.swift */,
				4CABE8932AB27D7D00BD6829 /* ProductItemView.swift */,
			);
			path = Product;
			sourceTree = "<group>";
		};
		4CABE89F2AB2A58700BD6829 /* Brand */ = {
			isa = PBXGroup;
			children = (
				4CABE8952AB29EFE00BD6829 /* BrandItemView.swift */,
				4CABE8972AB2A31100BD6829 /* BrandGridView.swift */,
			);
			path = Brand;
			sourceTree = "<group>";
		};
		4CABE8A02AB2A59700BD6829 /* FeaturedSwiper */ = {
			isa = PBXGroup;
			children = (
				4CABE8672AB1401000BD6829 /* FeaturedItemView.swift */,
				4CABE8832AB17C7F00BD6829 /* FeaturedTabView.swift */,
			);
			path = FeaturedSwiper;
			sourceTree = "<group>";
		};
		4CABE8A12AB2A5BF00BD6829 /* Common */ = {
			isa = PBXGroup;
			children = (
				4CABE88C2AB27C3000BD6829 /* TitleView.swift */,
				4CABE85C2AB0422300BD6829 /* FooterView.swift */,
				4CABE85E2AB1235800BD6829 /* NavigationBarView.swift */,
				4CABE8612AB1299300BD6829 /* LogoView.swift */,
			);
			path = Common;
			sourceTree = "<group>";
		};
/* End PBXGroup section */

/* Begin PBXNativeTarget section */
		4CABE8372AB03EAA00BD6829 /* Touchdown */ = {
			isa = PBXNativeTarget;
			buildConfigurationList = 4CABE8462AB03EAB00BD6829 /* Build configuration list for PBXNativeTarget "Touchdown" */;
			buildPhases = (
				4CABE8342AB03EAA00BD6829 /* Sources */,
				4CABE8352AB03EAA00BD6829 /* Frameworks */,
				4CABE8362AB03EAA00BD6829 /* Resources */,
			);
			buildRules = (
			);
			dependencies = (
			);
			name = Touchdown;
			productName = Touchdown;
			productReference = 4CABE8382AB03EAA00BD6829 /* Touchdown.app */;
			productType = "com.apple.product-type.application";
		};
/* End PBXNativeTarget section */

/* Begin PBXProject section */
		4CABE8302AB03EAA00BD6829 /* Project object */ = {
			isa = PBXProject;
			attributes = {
				BuildIndependentTargetsInParallel = 1;
				LastSwiftUpdateCheck = 1430;
				LastUpgradeCheck = 1430;
				TargetAttributes = {
					4CABE8372AB03EAA00BD6829 = {
						CreatedOnToolsVersion = 14.3.1;
					};
				};
			};
			buildConfigurationList = 4CABE8332AB03EAA00BD6829 /* Build configuration list for PBXProject "Touchdown" */;
			compatibilityVersion = "Xcode 14.0";
			developmentRegion = en;
			hasScannedForEncodings = 0;
			knownRegions = (
				en,
				Base,
			);
			mainGroup = 4CABE82F2AB03EAA00BD6829;
			productRefGroup = 4CABE8392AB03EAA00BD6829 /* Products */;
			projectDirPath = "";
			projectRoot = "";
			targets = (
				4CABE8372AB03EAA00BD6829 /* Touchdown */,
			);
		};
/* End PBXProject section */

/* Begin PBXResourcesBuildPhase section */
		4CABE8362AB03EAA00BD6829 /* Resources */ = {
			isa = PBXResourcesBuildPhase;
			buildActionMask = 2147483647;
			files = (
				4CABE8802AB1770100BD6829 /* player.json in Resources */,
				4CABE87D2AB1770100BD6829 /* category.json in Resources */,
				4CABE87F2AB1770100BD6829 /* brand.json in Resources */,
				4CABE87E2AB1770100BD6829 /* product.json in Resources */,
				4CABE8432AB03EAB00BD6829 /* Preview Assets.xcassets in Resources */,
				4CABE8402AB03EAB00BD6829 /* Assets.xcassets in Resources */,
			);
			runOnlyForDeploymentPostprocessing = 0;
		};
/* End PBXResourcesBuildPhase section */

/* Begin PBXSourcesBuildPhase section */
		4CABE8342AB03EAA00BD6829 /* Sources */ = {
			isa = PBXSourcesBuildPhase;
			buildActionMask = 2147483647;
			files = (
				4CABE8662AB13AEE00BD6829 /* CodableBundleExtension.swift in Sources */,
				4CABE8912AB27D1000BD6829 /* BrandModel.swift in Sources */,
				4CABE8B12AB2DEE000BD6829 /* CustomShape.swift in Sources */,
				4CABE83E2AB03EAA00BD6829 /* ContentView.swift in Sources */,
				4CABE8622AB1299300BD6829 /* LogoView.swift in Sources */,
				4CABE8822AB1785200BD6829 /* CategoryModel.swift in Sources */,
				4CABE85D2AB0422300BD6829 /* FooterView.swift in Sources */,
				4CABE8982AB2A31100BD6829 /* BrandGridView.swift in Sources */,
				4CABE8D92AB3DB3900BD6829 /* AddToCartDetailView.swift in Sources */,
				4CABE8682AB1401000BD6829 /* FeaturedItemView.swift in Sources */,
				4CABE8D72AB3D78600BD6829 /* QuantityFavouriteDetailView.swift in Sources */,
				4CABE8AB2AB2D1D900BD6829 /* HeaderDetailView.swift in Sources */,
				4CABE8AD2AB2D29A00BD6829 /* TopPartDetailView.swift in Sources */,
				4CABE8842AB17C7F00BD6829 /* FeaturedTabView.swift in Sources */,
				4CABE83C2AB03EAA00BD6829 /* TouchdownApp.swift in Sources */,
				4CABE8A72AB2A7FC00BD6829 /* NavigationBarDetailView.swift in Sources */,
				4CABE8942AB27D7D00BD6829 /* ProductItemView.swift in Sources */,
				4CABE85B2AB0411900BD6829 /* Constant.swift in Sources */,
				4CABE8862AB1850D00BD6829 /* CategoryItemView.swift in Sources */,
				4CABE8A52AB2A6DE00BD6829 /* ProductDetailView.swift in Sources */,
				4CABE8962AB29EFE00BD6829 /* BrandItemView.swift in Sources */,
				4CABE88A2AB18A4500BD6829 /* SectionView.swift in Sources */,
				4CABE8882AB1890F00BD6829 /*  CategoryGridView.swift in Sources */,
				4CABE85F2AB1235800BD6829 /* NavigationBarView.swift in Sources */,
				4CABE8642AB13AC000BD6829 /* PlayerModel.swift in Sources */,
				4CABE88D2AB27C3000BD6829 /* TitleView.swift in Sources */,
				4CABE89C2AB2A4E900BD6829 /* ProductGridView.swift in Sources */,
				4CABE8902AB27D1000BD6829 /* ProductModel.swift in Sources */,
				4CABE8DB2AB3F03400BD6829 /* Shop.swift in Sources */,
				4CABE8AF2AB2D96700BD6829 /* BottomPartDetailView.swift in Sources */,
				4CABE8B32AB2E31100BD6829 /* RatingsSizesDetailView.swift in Sources */,
			);
			runOnlyForDeploymentPostprocessing = 0;
		};
/* End PBXSourcesBuildPhase section */

/* Begin XCBuildConfiguration section */
		4CABE8442AB03EAB00BD6829 /* Debug */ = {
			isa = XCBuildConfiguration;
			buildSettings = {
				ALWAYS_SEARCH_USER_PATHS = NO;
				CLANG_ANALYZER_NONNULL = YES;
				CLANG_ANALYZER_NUMBER_OBJECT_CONVERSION = YES_AGGRESSIVE;
				CLANG_CXX_LANGUAGE_STANDARD = "gnu++20";
				CLANG_ENABLE_MODULES = YES;
				CLANG_ENABLE_OBJC_ARC = YES;
				CLANG_ENABLE_OBJC_WEAK = YES;
				CLANG_WARN_BLOCK_CAPTURE_AUTORELEASING = YES;
				CLANG_WARN_BOOL_CONVERSION = YES;
				CLANG_WARN_COMMA = YES;
				CLANG_WARN_CONSTANT_CONVERSION = YES;
				CLANG_WARN_DEPRECATED_OBJC_IMPLEMENTATIONS = YES;
				CLANG_WARN_DIRECT_OBJC_ISA_USAGE = YES_ERROR;
				CLANG_WARN_DOCUMENTATION_COMMENTS = YES;
				CLANG_WARN_EMPTY_BODY = YES;
				CLANG_WARN_ENUM_CONVERSION = YES;
				CLANG_WARN_INFINITE_RECURSION = YES;
				CLANG_WARN_INT_CONVERSION = YES;
				CLANG_WARN_NON_LITERAL_NULL_CONVERSION = YES;
				CLANG_WARN_OBJC_IMPLICIT_RETAIN_SELF = YES;
				CLANG_WARN_OBJC_LITERAL_CONVERSION = YES;
				CLANG_WARN_OBJC_ROOT_CLASS = YES_ERROR;
				CLANG_WARN_QUOTED_INCLUDE_IN_FRAMEWORK_HEADER = YES;
				CLANG_WARN_RANGE_LOOP_ANALYSIS = YES;
				CLANG_WARN_STRICT_PROTOTYPES = YES;
				CLANG_WARN_SUSPICIOUS_MOVE = YES;
				CLANG_WARN_UNGUARDED_AVAILABILITY = YES_AGGRESSIVE;
				CLANG_WARN_UNREACHABLE_CODE = YES;
				CLANG_WARN__DUPLICATE_METHOD_MATCH = YES;
				COPY_PHASE_STRIP = NO;
				DEBUG_INFORMATION_FORMAT = dwarf;
				ENABLE_STRICT_OBJC_MSGSEND = YES;
				ENABLE_TESTABILITY = YES;
				GCC_C_LANGUAGE_STANDARD = gnu11;
				GCC_DYNAMIC_NO_PIC = NO;
				GCC_NO_COMMON_BLOCKS = YES;
				GCC_OPTIMIZATION_LEVEL = 0;
				GCC_PREPROCESSOR_DEFINITIONS = (
					"DEBUG=1",
					"$(inherited)",
				);
				GCC_WARN_64_TO_32_BIT_CONVERSION = YES;
				GCC_WARN_ABOUT_RETURN_TYPE = YES_ERROR;
				GCC_WARN_UNDECLARED_SELECTOR = YES;
				GCC_WARN_UNINITIALIZED_AUTOS = YES_AGGRESSIVE;
				GCC_WARN_UNUSED_FUNCTION = YES;
				GCC_WARN_UNUSED_VARIABLE = YES;
				IPHONEOS_DEPLOYMENT_TARGET = 16.4;
				MTL_ENABLE_DEBUG_INFO = INCLUDE_SOURCE;
				MTL_FAST_MATH = YES;
				ONLY_ACTIVE_ARCH = YES;
				SDKROOT = iphoneos;
				SWIFT_ACTIVE_COMPILATION_CONDITIONS = DEBUG;
				SWIFT_OPTIMIZATION_LEVEL = "-Onone";
			};
			name = Debug;
		};
		4CABE8452AB03EAB00BD6829 /* Release */ = {
			isa = XCBuildConfiguration;
			buildSettings = {
				ALWAYS_SEARCH_USER_PATHS = NO;
				CLANG_ANALYZER_NONNULL = YES;
				CLANG_ANALYZER_NUMBER_OBJECT_CONVERSION = YES_AGGRESSIVE;
				CLANG_CXX_LANGUAGE_STANDARD = "gnu++20";
				CLANG_ENABLE_MODULES = YES;
				CLANG_ENABLE_OBJC_ARC = YES;
				CLANG_ENABLE_OBJC_WEAK = YES;
				CLANG_WARN_BLOCK_CAPTURE_AUTORELEASING = YES;
				CLANG_WARN_BOOL_CONVERSION = YES;
				CLANG_WARN_COMMA = YES;
				CLANG_WARN_CONSTANT_CONVERSION = YES;
				CLANG_WARN_DEPRECATED_OBJC_IMPLEMENTATIONS = YES;
				CLANG_WARN_DIRECT_OBJC_ISA_USAGE = YES_ERROR;
				CLANG_WARN_DOCUMENTATION_COMMENTS = YES;
				CLANG_WARN_EMPTY_BODY = YES;
				CLANG_WARN_ENUM_CONVERSION = YES;
				CLANG_WARN_INFINITE_RECURSION = YES;
				CLANG_WARN_INT_CONVERSION = YES;
				CLANG_WARN_NON_LITERAL_NULL_CONVERSION = YES;
				CLANG_WARN_OBJC_IMPLICIT_RETAIN_SELF = YES;
				CLANG_WARN_OBJC_LITERAL_CONVERSION = YES;
				CLANG_WARN_OBJC_ROOT_CLASS = YES_ERROR;
				CLANG_WARN_QUOTED_INCLUDE_IN_FRAMEWORK_HEADER = YES;
				CLANG_WARN_RANGE_LOOP_ANALYSIS = YES;
				CLANG_WARN_STRICT_PROTOTYPES = YES;
				CLANG_WARN_SUSPICIOUS_MOVE = YES;
				CLANG_WARN_UNGUARDED_AVAILABILITY = YES_AGGRESSIVE;
				CLANG_WARN_UNREACHABLE_CODE = YES;
				CLANG_WARN__DUPLICATE_METHOD_MATCH = YES;
				COPY_PHASE_STRIP = NO;
				DEBUG_INFORMATION_FORMAT = "dwarf-with-dsym";
				ENABLE_NS_ASSERTIONS = NO;
				ENABLE_STRICT_OBJC_MSGSEND = YES;
				GCC_C_LANGUAGE_STANDARD = gnu11;
				GCC_NO_COMMON_BLOCKS = YES;
				GCC_WARN_64_TO_32_BIT_CONVERSION = YES;
				GCC_WARN_ABOUT_RETURN_TYPE = YES_ERROR;
				GCC_WARN_UNDECLARED_SELECTOR = YES;
				GCC_WARN_UNINITIALIZED_AUTOS = YES_AGGRESSIVE;
				GCC_WARN_UNUSED_FUNCTION = YES;
				GCC_WARN_UNUSED_VARIABLE = YES;
				IPHONEOS_DEPLOYMENT_TARGET = 16.4;
				MTL_ENABLE_DEBUG_INFO = NO;
				MTL_FAST_MATH = YES;
				SDKROOT = iphoneos;
				SWIFT_COMPILATION_MODE = wholemodule;
				SWIFT_OPTIMIZATION_LEVEL = "-O";
				VALIDATE_PRODUCT = YES;
			};
			name = Release;
		};
		4CABE8472AB03EAB00BD6829 /* Debug */ = {
			isa = XCBuildConfiguration;
			buildSettings = {
				ASSETCATALOG_COMPILER_APPICON_NAME = AppIcon;
				ASSETCATALOG_COMPILER_GLOBAL_ACCENT_COLOR_NAME = AccentColor;
				CODE_SIGN_STYLE = Automatic;
				CURRENT_PROJECT_VERSION = 1;
				DEVELOPMENT_ASSET_PATHS = "\"Touchdown/Preview Content\"";
				DEVELOPMENT_TEAM = 9847RZ3V98;
				ENABLE_PREVIEWS = YES;
				GENERATE_INFOPLIST_FILE = YES;
				INFOPLIST_FILE = Touchdown/Info.plist;
				INFOPLIST_KEY_UIApplicationSceneManifest_Generation = YES;
				INFOPLIST_KEY_UIApplicationSupportsIndirectInputEvents = YES;
				INFOPLIST_KEY_UISupportedInterfaceOrientations_iPad = "UIInterfaceOrientationPortrait UIInterfaceOrientationPortraitUpsideDown UIInterfaceOrientationLandscapeLeft UIInterfaceOrientationLandscapeRight";
				INFOPLIST_KEY_UISupportedInterfaceOrientations_iPhone = "UIInterfaceOrientationPortrait UIInterfaceOrientationLandscapeLeft UIInterfaceOrientationLandscapeRight";
				INFOPLIST_KEY_UIUserInterfaceStyle = Light;
				LD_RUNPATH_SEARCH_PATHS = (
					"$(inherited)",
					"@executable_path/Frameworks",
				);
				MARKETING_VERSION = 1.0;
				PRODUCT_BUNDLE_IDENTIFIER = com.heath.swift.projects.Touchdown;
				PRODUCT_NAME = "$(TARGET_NAME)";
				SWIFT_EMIT_LOC_STRINGS = YES;
				SWIFT_VERSION = 5.0;
				TARGETED_DEVICE_FAMILY = "1,2";
			};
			name = Debug;
		};
		4CABE8482AB03EAB00BD6829 /* Release */ = {
			isa = XCBuildConfiguration;
			buildSettings = {
				ASSETCATALOG_COMPILER_APPICON_NAME = AppIcon;
				ASSETCATALOG_COMPILER_GLOBAL_ACCENT_COLOR_NAME = AccentColor;
				CODE_SIGN_STYLE = Automatic;
				CURRENT_PROJECT_VERSION = 1;
				DEVELOPMENT_ASSET_PATHS = "\"Touchdown/Preview Content\"";
				DEVELOPMENT_TEAM = 9847RZ3V98;
				ENABLE_PREVIEWS = YES;
				GENERATE_INFOPLIST_FILE = YES;
				INFOPLIST_FILE = Touchdown/Info.plist;
				INFOPLIST_KEY_UIApplicationSceneManifest_Generation = YES;
				INFOPLIST_KEY_UIApplicationSupportsIndirectInputEvents = YES;
				INFOPLIST_KEY_UISupportedInterfaceOrientations_iPad = "UIInterfaceOrientationPortrait UIInterfaceOrientationPortraitUpsideDown UIInterfaceOrientationLandscapeLeft UIInterfaceOrientationLandscapeRight";
				INFOPLIST_KEY_UISupportedInterfaceOrientations_iPhone = "UIInterfaceOrientationPortrait UIInterfaceOrientationLandscapeLeft UIInterfaceOrientationLandscapeRight";
				INFOPLIST_KEY_UIUserInterfaceStyle = Light;
				LD_RUNPATH_SEARCH_PATHS = (
					"$(inherited)",
					"@executable_path/Frameworks",
				);
				MARKETING_VERSION = 1.0;
				PRODUCT_BUNDLE_IDENTIFIER = com.heath.swift.projects.Touchdown;
				PRODUCT_NAME = "$(TARGET_NAME)";
				SWIFT_EMIT_LOC_STRINGS = YES;
				SWIFT_VERSION = 5.0;
				TARGETED_DEVICE_FAMILY = "1,2";
			};
			name = Release;
		};
/* End XCBuildConfiguration section */

/* Begin XCConfigurationList section */
		4CABE8332AB03EAA00BD6829 /* Build configuration list for PBXProject "Touchdown" */ = {
			isa = XCConfigurationList;
			buildConfigurations = (
				4CABE8442AB03EAB00BD6829 /* Debug */,
				4CABE8452AB03EAB00BD6829 /* Release */,
			);
			defaultConfigurationIsVisible = 0;
			defaultConfigurationName = Release;
		};
		4CABE8462AB03EAB00BD6829 /* Build configuration list for PBXNativeTarget "Touchdown" */ = {
			isa = XCConfigurationList;
			buildConfigurations = (
				4CABE8472AB03EAB00BD6829 /* Debug */,
				4CABE8482AB03EAB00BD6829 /* Release */,
			);
			defaultConfigurationIsVisible = 0;
			defaultConfigurationName = Release;
		};
/* End XCConfigurationList section */
	};
	rootObject = 4CABE8302AB03EAA00BD6829 /* Project object */;
}
