// !$*UTF8*$!
{
	archiveVersion = 1;
	classes = {
	};
	objectVersion = 56;
	objects = {

/* Begin PBXBuildFile section */
		4C2B109E2A4421620028ED83 /* AlarmApp.swift in Sources */ = {isa = PBXBuildFile; fileRef = 4C2B109D2A4421620028ED83 /* AlarmApp.swift */; };
		4C2B10A02A4421620028ED83 /* MainAlarmView.swift in Sources */ = {isa = PBXBuildFile; fileRef = 4C2B109F2A4421620028ED83 /* MainAlarmView.swift */; };
		4C2B10A22A4421630028ED83 /* Assets.xcassets in Resources */ = {isa = PBXBuildFile; fileRef = 4C2B10A12A4421630028ED83 /* Assets.xcassets */; };
		4C2B10A62A4421630028ED83 /* Preview Assets.xcassets in Resources */ = {isa = PBXBuildFile; fileRef = 4C2B10A52A4421630028ED83 /* Preview Assets.xcassets */; };
		4C2B10C32A4529620028ED83 /* peanuts_ringtone.mp3 in Resources */ = {isa = PBXBuildFile; fileRef = 4C2B10AD2A4529620028ED83 /* peanuts_ringtone.mp3 */; };
		4C2B10C42A4529620028ED83 /* Lagrima.aiff in Resources */ = {isa = PBXBuildFile; fileRef = 4C2B10AE2A4529620028ED83 /* Lagrima.aiff */; };
		4C2B10C52A4529620028ED83 /* bird voices.mp3 in Resources */ = {isa = PBXBuildFile; fileRef = 4C2B10AF2A4529620028ED83 /* bird voices.mp3 */; };
		4C2B10C62A4529620028ED83 /* owl hooting.mp3 in Resources */ = {isa = PBXBuildFile; fileRef = 4C2B10B02A4529620028ED83 /* owl hooting.mp3 */; };
		4C2B10C72A4529620028ED83 /* my_baby.mp3 in Resources */ = {isa = PBXBuildFile; fileRef = 4C2B10B12A4529620028ED83 /* my_baby.mp3 */; };
		4C2B10C82A4529620028ED83 /* wasted_on_u.mp3 in Resources */ = {isa = PBXBuildFile; fileRef = 4C2B10B22A4529620028ED83 /* wasted_on_u.mp3 */; };
		4C2B10C92A4529620028ED83 /* welcome_to_my_house.mp3 in Resources */ = {isa = PBXBuildFile; fileRef = 4C2B10B32A4529620028ED83 /* welcome_to_my_house.mp3 */; };
		4C2B10CA2A4529620028ED83 /* waterfall.mp3 in Resources */ = {isa = PBXBuildFile; fileRef = 4C2B10B42A4529620028ED83 /* waterfall.mp3 */; };
		4C2B10CB2A4529620028ED83 /* Sound Wake up.aiff in Resources */ = {isa = PBXBuildFile; fileRef = 4C2B10B52A4529620028ED83 /* Sound Wake up.aiff */; };
		4C2B10CC2A4529620028ED83 /* mr_grinch_ravens.mp3 in Resources */ = {isa = PBXBuildFile; fileRef = 4C2B10B62A4529620028ED83 /* mr_grinch_ravens.mp3 */; };
		4C2B10CD2A4529620028ED83 /* soft rain ambient.mp3 in Resources */ = {isa = PBXBuildFile; fileRef = 4C2B10B72A4529620028ED83 /* soft rain ambient.mp3 */; };
		4C2B10CE2A4529620028ED83 /* bird forest.mp3 in Resources */ = {isa = PBXBuildFile; fileRef = 4C2B10B82A4529620028ED83 /* bird forest.mp3 */; };
		4C2B10CF2A4529620028ED83 /* Play Sound.swift in Sources */ = {isa = PBXBuildFile; fileRef = 4C2B10B92A4529620028ED83 /* Play Sound.swift */; };
		4C2B10D02A4529620028ED83 /* the beat of nature.mp3 in Resources */ = {isa = PBXBuildFile; fileRef = 4C2B10BA2A4529620028ED83 /* the beat of nature.mp3 */; };
		4C2B10D12A4529620028ED83 /* forest birds sweden.mp3 in Resources */ = {isa = PBXBuildFile; fileRef = 4C2B10BB2A4529620028ED83 /* forest birds sweden.mp3 */; };
		4C2B10D22A4529620028ED83 /* turkey_time.mp3 in Resources */ = {isa = PBXBuildFile; fileRef = 4C2B10BC2A4529620028ED83 /* turkey_time.mp3 */; };
		4C2B10D32A4529620028ED83 /* forest with cuckoo birds.mp3 in Resources */ = {isa = PBXBuildFile; fileRef = 4C2B10BD2A4529620028ED83 /* forest with cuckoo birds.mp3 */; };
		4C2B10D42A4529620028ED83 /* night ambience.mp3 in Resources */ = {isa = PBXBuildFile; fileRef = 4C2B10BE2A4529620028ED83 /* night ambience.mp3 */; };
		4C2B10D52A4529620028ED83 /* screeching owl.mp3 in Resources */ = {isa = PBXBuildFile; fileRef = 4C2B10BF2A4529620028ED83 /* screeching owl.mp3 */; };
		4C2B10D62A4529620028ED83 /* christmas_bells.mp3 in Resources */ = {isa = PBXBuildFile; fileRef = 4C2B10C02A4529620028ED83 /* christmas_bells.mp3 */; };
		4C2B10D72A4529620028ED83 /* Sound Constants.swift in Sources */ = {isa = PBXBuildFile; fileRef = 4C2B10C12A4529620028ED83 /* Sound Constants.swift */; };
		4C2B10D82A4529620028ED83 /* tennessee_whiskey.mp3 in Resources */ = {isa = PBXBuildFile; fileRef = 4C2B10C22A4529620028ED83 /* tennessee_whiskey.mp3 */; };
		4C2B10E52A452AFE0028ED83 /* GrayedTextView.swift in Sources */ = {isa = PBXBuildFile; fileRef = 4C2B10E42A452AFE0028ED83 /* GrayedTextView.swift */; };
		4C2B10E82A4534D10028ED83 /* Localizable.strings in Resources */ = {isa = PBXBuildFile; fileRef = 4C2B10EA2A4534D10028ED83 /* Localizable.strings */; };
		4C2B10EE2A453A960028ED83 /* Color Constants.swift in Sources */ = {isa = PBXBuildFile; fileRef = 4C2B10ED2A453A960028ED83 /* Color Constants.swift */; };
		4C2B10F02A4562A00028ED83 /* TimeOfDayIcon.swift in Sources */ = {isa = PBXBuildFile; fileRef = 4C2B10EF2A4562A00028ED83 /* TimeOfDayIcon.swift */; };
		4C2B10F22A4563190028ED83 /* TimeAndDateSupport.swift in Sources */ = {isa = PBXBuildFile; fileRef = 4C2B10F12A4563190028ED83 /* TimeAndDateSupport.swift */; };
		4C2B10F42A490C280028ED83 /* TimeModel.swift in Sources */ = {isa = PBXBuildFile; fileRef = 4C2B10F32A490C270028ED83 /* TimeModel.swift */; };
		4C2B10F62A4912390028ED83 /* AlarmModel.swift in Sources */ = {isa = PBXBuildFile; fileRef = 4C2B10F52A4912390028ED83 /* AlarmModel.swift */; };
		4C2B10F92A4914D60028ED83 /* Activities Constants.swift in Sources */ = {isa = PBXBuildFile; fileRef = 4C2B10F82A4914D60028ED83 /* Activities Constants.swift */; };
		4C2B10FC2A492BFD0028ED83 /* SplashScreenView.swift in Sources */ = {isa = PBXBuildFile; fileRef = 4C2B10FB2A492BFD0028ED83 /* SplashScreenView.swift */; };
		4C2B10FE2A492D660028ED83 /* FourCoolCircles.swift in Sources */ = {isa = PBXBuildFile; fileRef = 4C2B10FD2A492D660028ED83 /* FourCoolCircles.swift */; };
		4C2B11072A4945A30028ED83 /* WorkSans-VariableFont_wght.ttf in Resources */ = {isa = PBXBuildFile; fileRef = 4C2B11052A4945A20028ED83 /* WorkSans-VariableFont_wght.ttf */; };
		4C2B11082A4945A30028ED83 /* WorkSans-Italic-VariableFont_wght.ttf in Resources */ = {isa = PBXBuildFile; fileRef = 4C2B11062A4945A30028ED83 /* WorkSans-Italic-VariableFont_wght.ttf */; };
		4C2B110A2A4946240028ED83 /* CoolTextView.swift in Sources */ = {isa = PBXBuildFile; fileRef = 4C2B11092A4946240028ED83 /* CoolTextView.swift */; };
		4C2B110C2A49483D0028ED83 /* Image Constants.swift in Sources */ = {isa = PBXBuildFile; fileRef = 4C2B110B2A49483D0028ED83 /* Image Constants.swift */; };
		4C2B11102A4968450028ED83 /* EnableNotifications.swift in Sources */ = {isa = PBXBuildFile; fileRef = 4C2B110F2A4968450028ED83 /* EnableNotifications.swift */; };
		4C2B11122A496A6A0028ED83 /* ButtonView.swift in Sources */ = {isa = PBXBuildFile; fileRef = 4C2B11112A496A6A0028ED83 /* ButtonView.swift */; };
		4C2B11142A496A770028ED83 /* MainGradient.swift in Sources */ = {isa = PBXBuildFile; fileRef = 4C2B11132A496A770028ED83 /* MainGradient.swift */; };
		4C2B11162A496B2A0028ED83 /* Screen Constants.swift in Sources */ = {isa = PBXBuildFile; fileRef = 4C2B11152A496B2A0028ED83 /* Screen Constants.swift */; };
		4C2B11182A4A99F90028ED83 /* AboutView.swift in Sources */ = {isa = PBXBuildFile; fileRef = 4C2B11172A4A99F90028ED83 /* AboutView.swift */; };
		4C2B111A2A4AA9500028ED83 /* AddEditAlarmView.swift in Sources */ = {isa = PBXBuildFile; fileRef = 4C2B11192A4AA9500028ED83 /* AddEditAlarmView.swift */; };
		4C2B111C2A4AAAB90028ED83 /* YouDidItView.swift in Sources */ = {isa = PBXBuildFile; fileRef = 4C2B111B2A4AAAB90028ED83 /* YouDidItView.swift */; };
		4C5E54292A4F1F9600122CFE /* TimeArcView.swift in Sources */ = {isa = PBXBuildFile; fileRef = 4C5E54282A4F1F9600122CFE /* TimeArcView.swift */; };
		4C5E542B2A51580100122CFE /* DisplayIconOnCircularTimeView.swift in Sources */ = {isa = PBXBuildFile; fileRef = 4C5E542A2A51580100122CFE /* DisplayIconOnCircularTimeView.swift */; };
		4C5E542D2A52CB5E00122CFE /* MainAddEditAlarmView.swift in Sources */ = {isa = PBXBuildFile; fileRef = 4C5E542C2A52CB5E00122CFE /* MainAddEditAlarmView.swift */; };
		4C5E542F2A52E04400122CFE /* SelectActivityViewExpanded.swift in Sources */ = {isa = PBXBuildFile; fileRef = 4C5E542E2A52E04400122CFE /* SelectActivityViewExpanded.swift */; };
		4C5E54312A55752000122CFE /* LocalNotificationManager.swift in Sources */ = {isa = PBXBuildFile; fileRef = 4C5E54302A55752000122CFE /* LocalNotificationManager.swift */; };
		4C5E54352A5EEA5100122CFE /* SoundMenuView.swift in Sources */ = {isa = PBXBuildFile; fileRef = 4C5E54342A5EEA5100122CFE /* SoundMenuView.swift */; };
		4C6E32FB2A4BC3A1003EF9C2 /* ToBedWakeUpView.swift in Sources */ = {isa = PBXBuildFile; fileRef = 4C6E32FA2A4BC3A1003EF9C2 /* ToBedWakeUpView.swift */; };
		4C6E32FD2A4BCD41003EF9C2 /* CancelSaveAlarm.swift in Sources */ = {isa = PBXBuildFile; fileRef = 4C6E32FC2A4BCD41003EF9C2 /* CancelSaveAlarm.swift */; };
		4C6E32FF2A4BD292003EF9C2 /* AlarmToggleView.swift in Sources */ = {isa = PBXBuildFile; fileRef = 4C6E32FE2A4BD292003EF9C2 /* AlarmToggleView.swift */; };
		4C6E33012A4BD308003EF9C2 /* TheToggleView.swift in Sources */ = {isa = PBXBuildFile; fileRef = 4C6E33002A4BD308003EF9C2 /* TheToggleView.swift */; };
		4C6E33032A4C4D4D003EF9C2 /* TimePicker.swift in Sources */ = {isa = PBXBuildFile; fileRef = 4C6E33022A4C4D4C003EF9C2 /* TimePicker.swift */; };
		4C6E33052A4C5160003EF9C2 /* SelectActivityView.swift in Sources */ = {isa = PBXBuildFile; fileRef = 4C6E33042A4C5160003EF9C2 /* SelectActivityView.swift */; };
		4C6E33072A4D93F0003EF9C2 /* ListOfTheAlarmsView.swift in Sources */ = {isa = PBXBuildFile; fileRef = 4C6E33062A4D93F0003EF9C2 /* ListOfTheAlarmsView.swift */; };
		4C6E33092A4DC3E2003EF9C2 /* AlarmRowView.swift in Sources */ = {isa = PBXBuildFile; fileRef = 4C6E33082A4DC3E2003EF9C2 /* AlarmRowView.swift */; };
		4C6E330B2A4DCC6A003EF9C2 /* AddEditCircularAlarmView.swift in Sources */ = {isa = PBXBuildFile; fileRef = 4C6E330A2A4DCC6A003EF9C2 /* AddEditCircularAlarmView.swift */; };
		4C6E330D2A4DCD1B003EF9C2 /* CircularTimeView.swift in Sources */ = {isa = PBXBuildFile; fileRef = 4C6E330C2A4DCD1B003EF9C2 /* CircularTimeView.swift */; };
		4C6E33102A4DCE3F003EF9C2 /* CentralDatePickerView.swift in Sources */ = {isa = PBXBuildFile; fileRef = 4C6E330F2A4DCE3F003EF9C2 /* CentralDatePickerView.swift */; };
/* End PBXBuildFile section */

/* Begin PBXFileReference section */
		4C2B109A2A4421620028ED83 /* Alarm.app */ = {isa = PBXFileReference; explicitFileType = wrapper.application; includeInIndex = 0; path = Alarm.app; sourceTree = BUILT_PRODUCTS_DIR; };
		4C2B109D2A4421620028ED83 /* AlarmApp.swift */ = {isa = PBXFileReference; lastKnownFileType = sourcecode.swift; path = AlarmApp.swift; sourceTree = "<group>"; };
		4C2B109F2A4421620028ED83 /* MainAlarmView.swift */ = {isa = PBXFileReference; lastKnownFileType = sourcecode.swift; path = MainAlarmView.swift; sourceTree = "<group>"; };
		4C2B10A12A4421630028ED83 /* Assets.xcassets */ = {isa = PBXFileReference; lastKnownFileType = folder.assetcatalog; path = Assets.xcassets; sourceTree = "<group>"; };
		4C2B10A32A4421630028ED83 /* Alarm.entitlements */ = {isa = PBXFileReference; lastKnownFileType = text.plist.entitlements; path = Alarm.entitlements; sourceTree = "<group>"; };
		4C2B10A52A4421630028ED83 /* Preview Assets.xcassets */ = {isa = PBXFileReference; lastKnownFileType = folder.assetcatalog; path = "Preview Assets.xcassets"; sourceTree = "<group>"; };
		4C2B10AD2A4529620028ED83 /* peanuts_ringtone.mp3 */ = {isa = PBXFileReference; lastKnownFileType = audio.mp3; path = peanuts_ringtone.mp3; sourceTree = "<group>"; };
		4C2B10AE2A4529620028ED83 /* Lagrima.aiff */ = {isa = PBXFileReference; lastKnownFileType = audio.aiff; path = Lagrima.aiff; sourceTree = "<group>"; };
		4C2B10AF2A4529620028ED83 /* bird voices.mp3 */ = {isa = PBXFileReference; lastKnownFileType = audio.mp3; path = "bird voices.mp3"; sourceTree = "<group>"; };
		4C2B10B02A4529620028ED83 /* owl hooting.mp3 */ = {isa = PBXFileReference; lastKnownFileType = audio.mp3; path = "owl hooting.mp3"; sourceTree = "<group>"; };
		4C2B10B12A4529620028ED83 /* my_baby.mp3 */ = {isa = PBXFileReference; lastKnownFileType = audio.mp3; path = my_baby.mp3; sourceTree = "<group>"; };
		4C2B10B22A4529620028ED83 /* wasted_on_u.mp3 */ = {isa = PBXFileReference; lastKnownFileType = audio.mp3; path = wasted_on_u.mp3; sourceTree = "<group>"; };
		4C2B10B32A4529620028ED83 /* welcome_to_my_house.mp3 */ = {isa = PBXFileReference; lastKnownFileType = audio.mp3; path = welcome_to_my_house.mp3; sourceTree = "<group>"; };
		4C2B10B42A4529620028ED83 /* waterfall.mp3 */ = {isa = PBXFileReference; lastKnownFileType = audio.mp3; path = waterfall.mp3; sourceTree = "<group>"; };
		4C2B10B52A4529620028ED83 /* Sound Wake up.aiff */ = {isa = PBXFileReference; lastKnownFileType = audio.aiff; path = "Sound Wake up.aiff"; sourceTree = "<group>"; };
		4C2B10B62A4529620028ED83 /* mr_grinch_ravens.mp3 */ = {isa = PBXFileReference; lastKnownFileType = audio.mp3; path = mr_grinch_ravens.mp3; sourceTree = "<group>"; };
		4C2B10B72A4529620028ED83 /* soft rain ambient.mp3 */ = {isa = PBXFileReference; lastKnownFileType = audio.mp3; path = "soft rain ambient.mp3"; sourceTree = "<group>"; };
		4C2B10B82A4529620028ED83 /* bird forest.mp3 */ = {isa = PBXFileReference; lastKnownFileType = audio.mp3; path = "bird forest.mp3"; sourceTree = "<group>"; };
		4C2B10B92A4529620028ED83 /* Play Sound.swift */ = {isa = PBXFileReference; fileEncoding = 4; lastKnownFileType = sourcecode.swift; path = "Play Sound.swift"; sourceTree = "<group>"; };
		4C2B10BA2A4529620028ED83 /* the beat of nature.mp3 */ = {isa = PBXFileReference; lastKnownFileType = audio.mp3; path = "the beat of nature.mp3"; sourceTree = "<group>"; };
		4C2B10BB2A4529620028ED83 /* forest birds sweden.mp3 */ = {isa = PBXFileReference; lastKnownFileType = audio.mp3; path = "forest birds sweden.mp3"; sourceTree = "<group>"; };
		4C2B10BC2A4529620028ED83 /* turkey_time.mp3 */ = {isa = PBXFileReference; lastKnownFileType = audio.mp3; path = turkey_time.mp3; sourceTree = "<group>"; };
		4C2B10BD2A4529620028ED83 /* forest with cuckoo birds.mp3 */ = {isa = PBXFileReference; lastKnownFileType = audio.mp3; path = "forest with cuckoo birds.mp3"; sourceTree = "<group>"; };
		4C2B10BE2A4529620028ED83 /* night ambience.mp3 */ = {isa = PBXFileReference; lastKnownFileType = audio.mp3; path = "night ambience.mp3"; sourceTree = "<group>"; };
		4C2B10BF2A4529620028ED83 /* screeching owl.mp3 */ = {isa = PBXFileReference; lastKnownFileType = audio.mp3; path = "screeching owl.mp3"; sourceTree = "<group>"; };
		4C2B10C02A4529620028ED83 /* christmas_bells.mp3 */ = {isa = PBXFileReference; lastKnownFileType = audio.mp3; path = christmas_bells.mp3; sourceTree = "<group>"; };
		4C2B10C12A4529620028ED83 /* Sound Constants.swift */ = {isa = PBXFileReference; fileEncoding = 4; lastKnownFileType = sourcecode.swift; path = "Sound Constants.swift"; sourceTree = "<group>"; };
		4C2B10C22A4529620028ED83 /* tennessee_whiskey.mp3 */ = {isa = PBXFileReference; lastKnownFileType = audio.mp3; path = tennessee_whiskey.mp3; sourceTree = "<group>"; };
		4C2B10E42A452AFE0028ED83 /* GrayedTextView.swift */ = {isa = PBXFileReference; lastKnownFileType = sourcecode.swift; path = GrayedTextView.swift; sourceTree = "<group>"; };
		4C2B10E92A4534D10028ED83 /* en */ = {isa = PBXFileReference; lastKnownFileType = text.plist.strings; name = en; path = en.lproj/Localizable.strings; sourceTree = "<group>"; };
		4C2B10EB2A4534D70028ED83 /* ko */ = {isa = PBXFileReference; lastKnownFileType = text.plist.strings; name = ko; path = ko.lproj/Localizable.strings; sourceTree = "<group>"; };
		4C2B10EC2A4534D80028ED83 /* es */ = {isa = PBXFileReference; lastKnownFileType = text.plist.strings; name = es; path = es.lproj/Localizable.strings; sourceTree = "<group>"; };
		4C2B10ED2A453A960028ED83 /* Color Constants.swift */ = {isa = PBXFileReference; lastKnownFileType = sourcecode.swift; path = "Color Constants.swift"; sourceTree = "<group>"; };
		4C2B10EF2A4562A00028ED83 /* TimeOfDayIcon.swift */ = {isa = PBXFileReference; lastKnownFileType = sourcecode.swift; path = TimeOfDayIcon.swift; sourceTree = "<group>"; };
		4C2B10F12A4563190028ED83 /* TimeAndDateSupport.swift */ = {isa = PBXFileReference; lastKnownFileType = sourcecode.swift; path = TimeAndDateSupport.swift; sourceTree = "<group>"; };
		4C2B10F32A490C270028ED83 /* TimeModel.swift */ = {isa = PBXFileReference; lastKnownFileType = sourcecode.swift; path = TimeModel.swift; sourceTree = "<group>"; };
		4C2B10F52A4912390028ED83 /* AlarmModel.swift */ = {isa = PBXFileReference; lastKnownFileType = sourcecode.swift; path = AlarmModel.swift; sourceTree = "<group>"; };
		4C2B10F82A4914D60028ED83 /* Activities Constants.swift */ = {isa = PBXFileReference; lastKnownFileType = sourcecode.swift; path = "Activities Constants.swift"; sourceTree = "<group>"; };
		4C2B10FB2A492BFD0028ED83 /* SplashScreenView.swift */ = {isa = PBXFileReference; lastKnownFileType = sourcecode.swift; path = SplashScreenView.swift; sourceTree = "<group>"; };
		4C2B10FD2A492D660028ED83 /* FourCoolCircles.swift */ = {isa = PBXFileReference; lastKnownFileType = sourcecode.swift; path = FourCoolCircles.swift; sourceTree = "<group>"; };
		4C2B11052A4945A20028ED83 /* WorkSans-VariableFont_wght.ttf */ = {isa = PBXFileReference; lastKnownFileType = file; path = "WorkSans-VariableFont_wght.ttf"; sourceTree = "<group>"; };
		4C2B11062A4945A30028ED83 /* WorkSans-Italic-VariableFont_wght.ttf */ = {isa = PBXFileReference; lastKnownFileType = file; path = "WorkSans-Italic-VariableFont_wght.ttf"; sourceTree = "<group>"; };
		4C2B11092A4946240028ED83 /* CoolTextView.swift */ = {isa = PBXFileReference; lastKnownFileType = sourcecode.swift; path = CoolTextView.swift; sourceTree = "<group>"; };
		4C2B110B2A49483D0028ED83 /* Image Constants.swift */ = {isa = PBXFileReference; lastKnownFileType = sourcecode.swift; path = "Image Constants.swift"; sourceTree = "<group>"; };
		4C2B110F2A4968450028ED83 /* EnableNotifications.swift */ = {isa = PBXFileReference; lastKnownFileType = sourcecode.swift; path = EnableNotifications.swift; sourceTree = "<group>"; };
		4C2B11112A496A6A0028ED83 /* ButtonView.swift */ = {isa = PBXFileReference; lastKnownFileType = sourcecode.swift; path = ButtonView.swift; sourceTree = "<group>"; };
		4C2B11132A496A770028ED83 /* MainGradient.swift */ = {isa = PBXFileReference; lastKnownFileType = sourcecode.swift; path = MainGradient.swift; sourceTree = "<group>"; };
		4C2B11152A496B2A0028ED83 /* Screen Constants.swift */ = {isa = PBXFileReference; lastKnownFileType = sourcecode.swift; path = "Screen Constants.swift"; sourceTree = "<group>"; };
		4C2B11172A4A99F90028ED83 /* AboutView.swift */ = {isa = PBXFileReference; lastKnownFileType = sourcecode.swift; name = AboutView.swift; path = "Views/Main View/AboutView.swift"; sourceTree = "<group>"; };
		4C2B11192A4AA9500028ED83 /* AddEditAlarmView.swift */ = {isa = PBXFileReference; lastKnownFileType = sourcecode.swift; name = AddEditAlarmView.swift; path = "Views/Main View/AddEditAlarmView.swift"; sourceTree = "<group>"; };
		4C2B111B2A4AAAB90028ED83 /* YouDidItView.swift */ = {isa = PBXFileReference; lastKnownFileType = sourcecode.swift; path = YouDidItView.swift; sourceTree = "<group>"; };
		4C5E54282A4F1F9600122CFE /* TimeArcView.swift */ = {isa = PBXFileReference; lastKnownFileType = sourcecode.swift; path = TimeArcView.swift; sourceTree = "<group>"; };
		4C5E542A2A51580100122CFE /* DisplayIconOnCircularTimeView.swift */ = {isa = PBXFileReference; lastKnownFileType = sourcecode.swift; path = DisplayIconOnCircularTimeView.swift; sourceTree = "<group>"; };
		4C5E542C2A52CB5E00122CFE /* MainAddEditAlarmView.swift */ = {isa = PBXFileReference; lastKnownFileType = sourcecode.swift; path = MainAddEditAlarmView.swift; sourceTree = "<group>"; };
		4C5E542E2A52E04400122CFE /* SelectActivityViewExpanded.swift */ = {isa = PBXFileReference; lastKnownFileType = sourcecode.swift; path = SelectActivityViewExpanded.swift; sourceTree = "<group>"; };
		4C5E54302A55752000122CFE /* LocalNotificationManager.swift */ = {isa = PBXFileReference; lastKnownFileType = sourcecode.swift; path = LocalNotificationManager.swift; sourceTree = "<group>"; };
		4C5E54342A5EEA5100122CFE /* SoundMenuView.swift */ = {isa = PBXFileReference; lastKnownFileType = sourcecode.swift; name = SoundMenuView.swift; path = "Alarm/Views/Supporting View/SoundMenuView.swift"; sourceTree = "<group>"; };
		4C6E32FA2A4BC3A1003EF9C2 /* ToBedWakeUpView.swift */ = {isa = PBXFileReference; lastKnownFileType = sourcecode.swift; path = ToBedWakeUpView.swift; sourceTree = "<group>"; };
		4C6E32FC2A4BCD41003EF9C2 /* CancelSaveAlarm.swift */ = {isa = PBXFileReference; lastKnownFileType = sourcecode.swift; path = CancelSaveAlarm.swift; sourceTree = "<group>"; };
		4C6E32FE2A4BD292003EF9C2 /* AlarmToggleView.swift */ = {isa = PBXFileReference; lastKnownFileType = sourcecode.swift; path = AlarmToggleView.swift; sourceTree = "<group>"; };
		4C6E33002A4BD308003EF9C2 /* TheToggleView.swift */ = {isa = PBXFileReference; lastKnownFileType = sourcecode.swift; path = TheToggleView.swift; sourceTree = "<group>"; };
		4C6E33022A4C4D4C003EF9C2 /* TimePicker.swift */ = {isa = PBXFileReference; lastKnownFileType = sourcecode.swift; path = TimePicker.swift; sourceTree = "<group>"; };
		4C6E33042A4C5160003EF9C2 /* SelectActivityView.swift */ = {isa = PBXFileReference; lastKnownFileType = sourcecode.swift; path = SelectActivityView.swift; sourceTree = "<group>"; };
		4C6E33062A4D93F0003EF9C2 /* ListOfTheAlarmsView.swift */ = {isa = PBXFileReference; lastKnownFileType = sourcecode.swift; path = ListOfTheAlarmsView.swift; sourceTree = "<group>"; };
		4C6E33082A4DC3E2003EF9C2 /* AlarmRowView.swift */ = {isa = PBXFileReference; lastKnownFileType = sourcecode.swift; name = AlarmRowView.swift; path = "Views/Supporting View/AlarmRowView.swift"; sourceTree = "<group>"; };
		4C6E330A2A4DCC6A003EF9C2 /* AddEditCircularAlarmView.swift */ = {isa = PBXFileReference; lastKnownFileType = sourcecode.swift; path = AddEditCircularAlarmView.swift; sourceTree = "<group>"; };
		4C6E330C2A4DCD1B003EF9C2 /* CircularTimeView.swift */ = {isa = PBXFileReference; lastKnownFileType = sourcecode.swift; path = CircularTimeView.swift; sourceTree = "<group>"; };
		4C6E330F2A4DCE3F003EF9C2 /* CentralDatePickerView.swift */ = {isa = PBXFileReference; lastKnownFileType = sourcecode.swift; path = CentralDatePickerView.swift; sourceTree = "<group>"; };
/* End PBXFileReference section */

/* Begin PBXFrameworksBuildPhase section */
		4C2B10972A4421620028ED83 /* Frameworks */ = {
			isa = PBXFrameworksBuildPhase;
			buildActionMask = 2147483647;
			files = (
			);
			runOnlyForDeploymentPostprocessing = 0;
		};
/* End PBXFrameworksBuildPhase section */

/* Begin PBXGroup section */
		4C2B10912A4421620028ED83 = {
			isa = PBXGroup;
			children = (
				4C5E54342A5EEA5100122CFE /* SoundMenuView.swift */,
				4C2B109C2A4421620028ED83 /* Alarm */,
				4C2B109B2A4421620028ED83 /* Products */,
			);
			sourceTree = "<group>";
		};
		4C2B109B2A4421620028ED83 /* Products */ = {
			isa = PBXGroup;
			children = (
				4C2B109A2A4421620028ED83 /* Alarm.app */,
			);
			name = Products;
			sourceTree = "<group>";
		};
		4C2B109C2A4421620028ED83 /* Alarm */ = {
			isa = PBXGroup;
			children = (
				4C2B11042A4945890028ED83 /* New Group */,
				4C2B10AC2A4529620028ED83 /* Sounds */,
				4C2B10DD2A4529970028ED83 /* Model */,
				4C2B10DC2A45298F0028ED83 /* ViewModel */,
				4C2B10DB2A4529880028ED83 /* Views */,
				4C2B10DF2A452A930028ED83 /* Constatns */,
				4C2B10DE2A45299E0028ED83 /* Fonts */,
				4C2B10DA2A45297F0028ED83 /* Time and Date */,
				4C2B10D92A45296D0028ED83 /* Local Notifications */,
				4C2B109D2A4421620028ED83 /* AlarmApp.swift */,
				4C2B109F2A4421620028ED83 /* MainAlarmView.swift */,
				4C6E330A2A4DCC6A003EF9C2 /* AddEditCircularAlarmView.swift */,
				4C6E33082A4DC3E2003EF9C2 /* AlarmRowView.swift */,
				4C2B11172A4A99F90028ED83 /* AboutView.swift */,
				4C2B11192A4AA9500028ED83 /* AddEditAlarmView.swift */,
				4C2B10A12A4421630028ED83 /* Assets.xcassets */,
				4C2B10A32A4421630028ED83 /* Alarm.entitlements */,
				4C2B10A42A4421630028ED83 /* Preview Content */,
				4C2B111B2A4AAAB90028ED83 /* YouDidItView.swift */,
			);
			path = Alarm;
			sourceTree = "<group>";
		};
		4C2B10A42A4421630028ED83 /* Preview Content */ = {
			isa = PBXGroup;
			children = (
				4C2B10A52A4421630028ED83 /* Preview Assets.xcassets */,
			);
			path = "Preview Content";
			sourceTree = "<group>";
		};
		4C2B10AC2A4529620028ED83 /* Sounds */ = {
			isa = PBXGroup;
			children = (
				4C2B10AD2A4529620028ED83 /* peanuts_ringtone.mp3 */,
				4C2B10AE2A4529620028ED83 /* Lagrima.aiff */,
				4C2B10AF2A4529620028ED83 /* bird voices.mp3 */,
				4C2B10B02A4529620028ED83 /* owl hooting.mp3 */,
				4C2B10B12A4529620028ED83 /* my_baby.mp3 */,
				4C2B10B22A4529620028ED83 /* wasted_on_u.mp3 */,
				4C2B10B32A4529620028ED83 /* welcome_to_my_house.mp3 */,
				4C2B10B42A4529620028ED83 /* waterfall.mp3 */,
				4C2B10B52A4529620028ED83 /* Sound Wake up.aiff */,
				4C2B10B62A4529620028ED83 /* mr_grinch_ravens.mp3 */,
				4C2B10B72A4529620028ED83 /* soft rain ambient.mp3 */,
				4C2B10B82A4529620028ED83 /* bird forest.mp3 */,
				4C2B10B92A4529620028ED83 /* Play Sound.swift */,
				4C2B10BA2A4529620028ED83 /* the beat of nature.mp3 */,
				4C2B10BB2A4529620028ED83 /* forest birds sweden.mp3 */,
				4C2B10BC2A4529620028ED83 /* turkey_time.mp3 */,
				4C2B10BD2A4529620028ED83 /* forest with cuckoo birds.mp3 */,
				4C2B10BE2A4529620028ED83 /* night ambience.mp3 */,
				4C2B10BF2A4529620028ED83 /* screeching owl.mp3 */,
				4C2B10C02A4529620028ED83 /* christmas_bells.mp3 */,
				4C2B10C12A4529620028ED83 /* Sound Constants.swift */,
				4C2B10C22A4529620028ED83 /* tennessee_whiskey.mp3 */,
			);
			path = Sounds;
			sourceTree = "<group>";
		};
		4C2B10D92A45296D0028ED83 /* Local Notifications */ = {
			isa = PBXGroup;
			children = (
				4C5E54302A55752000122CFE /* LocalNotificationManager.swift */,
				4C2B10EA2A4534D10028ED83 /* Localizable.strings */,
			);
			path = "Local Notifications";
			sourceTree = "<group>";
		};
		4C2B10DA2A45297F0028ED83 /* Time and Date */ = {
			isa = PBXGroup;
			children = (
			);
			path = "Time and Date";
			sourceTree = "<group>";
		};
		4C2B10DB2A4529880028ED83 /* Views */ = {
			isa = PBXGroup;
			children = (
				4C2B10FB2A492BFD0028ED83 /* SplashScreenView.swift */,
				4C6E330E2A4DCE10003EF9C2 /* Circular Time View */,
				4C2B10E32A452AD60028ED83 /* Unused Views */,
				4C2B10E22A452AC10028ED83 /* Supporting View */,
				4C2B10E12A452AB50028ED83 /* Sub View */,
				4C2B10E02A452AA80028ED83 /* Main View */,
			);
			path = Views;
			sourceTree = "<group>";
		};
		4C2B10DC2A45298F0028ED83 /* ViewModel */ = {
			isa = PBXGroup;
			children = (
			);
			path = ViewModel;
			sourceTree = "<group>";
		};
		4C2B10DD2A4529970028ED83 /* Model */ = {
			isa = PBXGroup;
			children = (
				4C2B10F32A490C270028ED83 /* TimeModel.swift */,
				4C2B10F52A4912390028ED83 /* AlarmModel.swift */,
			);
			path = Model;
			sourceTree = "<group>";
		};
		4C2B10DE2A45299E0028ED83 /* Fonts */ = {
			isa = PBXGroup;
			children = (
				4C2B11062A4945A30028ED83 /* WorkSans-Italic-VariableFont_wght.ttf */,
				4C2B11052A4945A20028ED83 /* WorkSans-VariableFont_wght.ttf */,
			);
			path = Fonts;
			sourceTree = "<group>";
		};
		4C2B10DF2A452A930028ED83 /* Constatns */ = {
			isa = PBXGroup;
			children = (
				4C2B10ED2A453A960028ED83 /* Color Constants.swift */,
				4C2B10EF2A4562A00028ED83 /* TimeOfDayIcon.swift */,
				4C2B10F82A4914D60028ED83 /* Activities Constants.swift */,
				4C2B110B2A49483D0028ED83 /* Image Constants.swift */,
				4C2B11152A496B2A0028ED83 /* Screen Constants.swift */,
			);
			path = Constatns;
			sourceTree = "<group>";
		};
		4C2B10E02A452AA80028ED83 /* Main View */ = {
			isa = PBXGroup;
			children = (
				4C6E33062A4D93F0003EF9C2 /* ListOfTheAlarmsView.swift */,
				4C2B10E42A452AFE0028ED83 /* GrayedTextView.swift */,
				4C5E542C2A52CB5E00122CFE /* MainAddEditAlarmView.swift */,
			);
			path = "Main View";
			sourceTree = "<group>";
		};
		4C2B10E12A452AB50028ED83 /* Sub View */ = {
			isa = PBXGroup;
			children = (
				4C2B110F2A4968450028ED83 /* EnableNotifications.swift */,
				4C2B11112A496A6A0028ED83 /* ButtonView.swift */,
				4C6E32FA2A4BC3A1003EF9C2 /* ToBedWakeUpView.swift */,
			);
			path = "Sub View";
			sourceTree = "<group>";
		};
		4C2B10E22A452AC10028ED83 /* Supporting View */ = {
			isa = PBXGroup;
			children = (
				4C2B10F12A4563190028ED83 /* TimeAndDateSupport.swift */,
				4C2B10FD2A492D660028ED83 /* FourCoolCircles.swift */,
				4C2B11092A4946240028ED83 /* CoolTextView.swift */,
				4C2B11132A496A770028ED83 /* MainGradient.swift */,
				4C6E32FC2A4BCD41003EF9C2 /* CancelSaveAlarm.swift */,
				4C6E32FE2A4BD292003EF9C2 /* AlarmToggleView.swift */,
				4C6E33002A4BD308003EF9C2 /* TheToggleView.swift */,
				4C6E33022A4C4D4C003EF9C2 /* TimePicker.swift */,
				4C6E33042A4C5160003EF9C2 /* SelectActivityView.swift */,
				4C5E542E2A52E04400122CFE /* SelectActivityViewExpanded.swift */,
			);
			path = "Supporting View";
			sourceTree = "<group>";
		};
		4C2B10E32A452AD60028ED83 /* Unused Views */ = {
			isa = PBXGroup;
			children = (
			);
			path = "Unused Views";
			sourceTree = "<group>";
		};
		4C2B11042A4945890028ED83 /* New Group */ = {
			isa = PBXGroup;
			children = (
			);
			path = "New Group";
			sourceTree = "<group>";
		};
		4C6E330E2A4DCE10003EF9C2 /* Circular Time View */ = {
			isa = PBXGroup;
			children = (
				4C6E330C2A4DCD1B003EF9C2 /* CircularTimeView.swift */,
				4C6E330F2A4DCE3F003EF9C2 /* CentralDatePickerView.swift */,
				4C5E54282A4F1F9600122CFE /* TimeArcView.swift */,
				4C5E542A2A51580100122CFE /* DisplayIconOnCircularTimeView.swift */,
			);
			path = "Circular Time View";
			sourceTree = "<group>";
		};
/* End PBXGroup section */

/* Begin PBXNativeTarget section */
		4C2B10992A4421620028ED83 /* Alarm */ = {
			isa = PBXNativeTarget;
			buildConfigurationList = 4C2B10A92A4421630028ED83 /* Build configuration list for PBXNativeTarget "Alarm" */;
			buildPhases = (
				4C2B10962A4421620028ED83 /* Sources */,
				4C2B10972A4421620028ED83 /* Frameworks */,
				4C2B10982A4421620028ED83 /* Resources */,
			);
			buildRules = (
			);
			dependencies = (
			);
			name = Alarm;
			productName = Alarm;
			productReference = 4C2B109A2A4421620028ED83 /* Alarm.app */;
			productType = "com.apple.product-type.application";
		};
/* End PBXNativeTarget section */

/* Begin PBXProject section */
		4C2B10922A4421620028ED83 /* Project object */ = {
			isa = PBXProject;
			attributes = {
				BuildIndependentTargetsInParallel = 1;
				LastSwiftUpdateCheck = 1430;
				LastUpgradeCheck = 1430;
				TargetAttributes = {
					4C2B10992A4421620028ED83 = {
						CreatedOnToolsVersion = 14.3.1;
					};
				};
			};
			buildConfigurationList = 4C2B10952A4421620028ED83 /* Build configuration list for PBXProject "Alarm" */;
			compatibilityVersion = "Xcode 14.0";
			developmentRegion = en;
			hasScannedForEncodings = 0;
			knownRegions = (
				en,
				Base,
				ko,
				es,
			);
			mainGroup = 4C2B10912A4421620028ED83;
			productRefGroup = 4C2B109B2A4421620028ED83 /* Products */;
			projectDirPath = "";
			projectRoot = "";
			targets = (
				4C2B10992A4421620028ED83 /* Alarm */,
			);
		};
/* End PBXProject section */

/* Begin PBXResourcesBuildPhase section */
		4C2B10982A4421620028ED83 /* Resources */ = {
			isa = PBXResourcesBuildPhase;
			buildActionMask = 2147483647;
			files = (
				4C2B10CD2A4529620028ED83 /* soft rain ambient.mp3 in Resources */,
				4C2B10CE2A4529620028ED83 /* bird forest.mp3 in Resources */,
				4C2B10E82A4534D10028ED83 /* Localizable.strings in Resources */,
				4C2B10D12A4529620028ED83 /* forest birds sweden.mp3 in Resources */,
				4C2B10D32A4529620028ED83 /* forest with cuckoo birds.mp3 in Resources */,
				4C2B11072A4945A30028ED83 /* WorkSans-VariableFont_wght.ttf in Resources */,
				4C2B10D82A4529620028ED83 /* tennessee_whiskey.mp3 in Resources */,
				4C2B10C92A4529620028ED83 /* welcome_to_my_house.mp3 in Resources */,
				4C2B10A62A4421630028ED83 /* Preview Assets.xcassets in Resources */,
				4C2B10CB2A4529620028ED83 /* Sound Wake up.aiff in Resources */,
				4C2B11082A4945A30028ED83 /* WorkSans-Italic-VariableFont_wght.ttf in Resources */,
				4C2B10C62A4529620028ED83 /* owl hooting.mp3 in Resources */,
				4C2B10D42A4529620028ED83 /* night ambience.mp3 in Resources */,
				4C2B10C42A4529620028ED83 /* Lagrima.aiff in Resources */,
				4C2B10CC2A4529620028ED83 /* mr_grinch_ravens.mp3 in Resources */,
				4C2B10C72A4529620028ED83 /* my_baby.mp3 in Resources */,
				4C2B10D22A4529620028ED83 /* turkey_time.mp3 in Resources */,
				4C2B10CA2A4529620028ED83 /* waterfall.mp3 in Resources */,
				4C2B10D62A4529620028ED83 /* christmas_bells.mp3 in Resources */,
				4C2B10C32A4529620028ED83 /* peanuts_ringtone.mp3 in Resources */,
				4C2B10C82A4529620028ED83 /* wasted_on_u.mp3 in Resources */,
				4C2B10C52A4529620028ED83 /* bird voices.mp3 in Resources */,
				4C2B10D52A4529620028ED83 /* screeching owl.mp3 in Resources */,
				4C2B10D02A4529620028ED83 /* the beat of nature.mp3 in Resources */,
				4C2B10A22A4421630028ED83 /* Assets.xcassets in Resources */,
			);
			runOnlyForDeploymentPostprocessing = 0;
		};
/* End PBXResourcesBuildPhase section */

/* Begin PBXSourcesBuildPhase section */
		4C2B10962A4421620028ED83 /* Sources */ = {
			isa = PBXSourcesBuildPhase;
			buildActionMask = 2147483647;
			files = (
				4C5E542B2A51580100122CFE /* DisplayIconOnCircularTimeView.swift in Sources */,
				4C6E33072A4D93F0003EF9C2 /* ListOfTheAlarmsView.swift in Sources */,
				4C2B10F22A4563190028ED83 /* TimeAndDateSupport.swift in Sources */,
				4C2B10A02A4421620028ED83 /* MainAlarmView.swift in Sources */,
				4C5E542F2A52E04400122CFE /* SelectActivityViewExpanded.swift in Sources */,
				4C2B11162A496B2A0028ED83 /* Screen Constants.swift in Sources */,
				4C2B111C2A4AAAB90028ED83 /* YouDidItView.swift in Sources */,
				4C2B10CF2A4529620028ED83 /* Play Sound.swift in Sources */,
				4C5E542D2A52CB5E00122CFE /* MainAddEditAlarmView.swift in Sources */,
				4C2B11182A4A99F90028ED83 /* AboutView.swift in Sources */,
				4C6E33092A4DC3E2003EF9C2 /* AlarmRowView.swift in Sources */,
				4C6E33032A4C4D4D003EF9C2 /* TimePicker.swift in Sources */,
				4C6E33012A4BD308003EF9C2 /* TheToggleView.swift in Sources */,
				4C6E330B2A4DCC6A003EF9C2 /* AddEditCircularAlarmView.swift in Sources */,
				4C6E33102A4DCE3F003EF9C2 /* CentralDatePickerView.swift in Sources */,
				4C2B10EE2A453A960028ED83 /* Color Constants.swift in Sources */,
				4C2B11122A496A6A0028ED83 /* ButtonView.swift in Sources */,
				4C6E32FF2A4BD292003EF9C2 /* AlarmToggleView.swift in Sources */,
				4C6E33052A4C5160003EF9C2 /* SelectActivityView.swift in Sources */,
				4C2B111A2A4AA9500028ED83 /* AddEditAlarmView.swift in Sources */,
				4C6E330D2A4DCD1B003EF9C2 /* CircularTimeView.swift in Sources */,
				4C5E54352A5EEA5100122CFE /* SoundMenuView.swift in Sources */,
				4C2B10F42A490C280028ED83 /* TimeModel.swift in Sources */,
				4C6E32FD2A4BCD41003EF9C2 /* CancelSaveAlarm.swift in Sources */,
				4C2B11102A4968450028ED83 /* EnableNotifications.swift in Sources */,
				4C2B10F62A4912390028ED83 /* AlarmModel.swift in Sources */,
				4C2B110A2A4946240028ED83 /* CoolTextView.swift in Sources */,
				4C2B10E52A452AFE0028ED83 /* GrayedTextView.swift in Sources */,
				4C2B10F92A4914D60028ED83 /* Activities Constants.swift in Sources */,
				4C2B110C2A49483D0028ED83 /* Image Constants.swift in Sources */,
				4C6E32FB2A4BC3A1003EF9C2 /* ToBedWakeUpView.swift in Sources */,
				4C2B11142A496A770028ED83 /* MainGradient.swift in Sources */,
				4C5E54292A4F1F9600122CFE /* TimeArcView.swift in Sources */,
				4C2B10D72A4529620028ED83 /* Sound Constants.swift in Sources */,
				4C2B10F02A4562A00028ED83 /* TimeOfDayIcon.swift in Sources */,
				4C5E54312A55752000122CFE /* LocalNotificationManager.swift in Sources */,
				4C2B109E2A4421620028ED83 /* AlarmApp.swift in Sources */,
				4C2B10FE2A492D660028ED83 /* FourCoolCircles.swift in Sources */,
				4C2B10FC2A492BFD0028ED83 /* SplashScreenView.swift in Sources */,
			);
			runOnlyForDeploymentPostprocessing = 0;
		};
/* End PBXSourcesBuildPhase section */

/* Begin PBXVariantGroup section */
		4C2B10EA2A4534D10028ED83 /* Localizable.strings */ = {
			isa = PBXVariantGroup;
			children = (
				4C2B10E92A4534D10028ED83 /* en */,
				4C2B10EB2A4534D70028ED83 /* ko */,
				4C2B10EC2A4534D80028ED83 /* es */,
			);
			name = Localizable.strings;
			sourceTree = "<group>";
		};
/* End PBXVariantGroup section */

/* Begin XCBuildConfiguration section */
		4C2B10A72A4421630028ED83 /* Debug */ = {
			isa = XCBuildConfiguration;
			buildSettings = {
				ALWAYS_SEARCH_USER_PATHS = NO;
				CLANG_ANALYZER_NONNULL = YES;
				CLANG_ANALYZER_NUMBER_OBJECT_CONVERSION = YES_AGGRESSIVE;
				CLANG_CXX_LANGUAGE_STANDARD = "gnu++20";
				CLANG_ENABLE_MODULES = YES;
				CLANG_ENABLE_OBJC_ARC = YES;
				CLANG_ENABLE_OBJC_WEAK = YES;
				CLANG_WARN_BLOCK_CAPTURE_AUTORELEASING = YES;
				CLANG_WARN_BOOL_CONVERSION = YES;
				CLANG_WARN_COMMA = YES;
				CLANG_WARN_CONSTANT_CONVERSION = YES;
				CLANG_WARN_DEPRECATED_OBJC_IMPLEMENTATIONS = YES;
				CLANG_WARN_DIRECT_OBJC_ISA_USAGE = YES_ERROR;
				CLANG_WARN_DOCUMENTATION_COMMENTS = YES;
				CLANG_WARN_EMPTY_BODY = YES;
				CLANG_WARN_ENUM_CONVERSION = YES;
				CLANG_WARN_INFINITE_RECURSION = YES;
				CLANG_WARN_INT_CONVERSION = YES;
				CLANG_WARN_NON_LITERAL_NULL_CONVERSION = YES;
				CLANG_WARN_OBJC_IMPLICIT_RETAIN_SELF = YES;
				CLANG_WARN_OBJC_LITERAL_CONVERSION = YES;
				CLANG_WARN_OBJC_ROOT_CLASS = YES_ERROR;
				CLANG_WARN_QUOTED_INCLUDE_IN_FRAMEWORK_HEADER = YES;
				CLANG_WARN_RANGE_LOOP_ANALYSIS = YES;
				CLANG_WARN_STRICT_PROTOTYPES = YES;
				CLANG_WARN_SUSPICIOUS_MOVE = YES;
				CLANG_WARN_UNGUARDED_AVAILABILITY = YES_AGGRESSIVE;
				CLANG_WARN_UNREACHABLE_CODE = YES;
				CLANG_WARN__DUPLICATE_METHOD_MATCH = YES;
				COPY_PHASE_STRIP = NO;
				DEBUG_INFORMATION_FORMAT = dwarf;
				ENABLE_STRICT_OBJC_MSGSEND = YES;
				ENABLE_TESTABILITY = YES;
				GCC_C_LANGUAGE_STANDARD = gnu11;
				GCC_DYNAMIC_NO_PIC = NO;
				GCC_NO_COMMON_BLOCKS = YES;
				GCC_OPTIMIZATION_LEVEL = 0;
				GCC_PREPROCESSOR_DEFINITIONS = (
					"DEBUG=1",
					"$(inherited)",
				);
				GCC_WARN_64_TO_32_BIT_CONVERSION = YES;
				GCC_WARN_ABOUT_RETURN_TYPE = YES_ERROR;
				GCC_WARN_UNDECLARED_SELECTOR = YES;
				GCC_WARN_UNINITIALIZED_AUTOS = YES_AGGRESSIVE;
				GCC_WARN_UNUSED_FUNCTION = YES;
				GCC_WARN_UNUSED_VARIABLE = YES;
				MTL_ENABLE_DEBUG_INFO = INCLUDE_SOURCE;
				MTL_FAST_MATH = YES;
				ONLY_ACTIVE_ARCH = YES;
				SWIFT_ACTIVE_COMPILATION_CONDITIONS = DEBUG;
				SWIFT_OPTIMIZATION_LEVEL = "-Onone";
			};
			name = Debug;
		};
		4C2B10A82A4421630028ED83 /* Release */ = {
			isa = XCBuildConfiguration;
			buildSettings = {
				ALWAYS_SEARCH_USER_PATHS = NO;
				CLANG_ANALYZER_NONNULL = YES;
				CLANG_ANALYZER_NUMBER_OBJECT_CONVERSION = YES_AGGRESSIVE;
				CLANG_CXX_LANGUAGE_STANDARD = "gnu++20";
				CLANG_ENABLE_MODULES = YES;
				CLANG_ENABLE_OBJC_ARC = YES;
				CLANG_ENABLE_OBJC_WEAK = YES;
				CLANG_WARN_BLOCK_CAPTURE_AUTORELEASING = YES;
				CLANG_WARN_BOOL_CONVERSION = YES;
				CLANG_WARN_COMMA = YES;
				CLANG_WARN_CONSTANT_CONVERSION = YES;
				CLANG_WARN_DEPRECATED_OBJC_IMPLEMENTATIONS = YES;
				CLANG_WARN_DIRECT_OBJC_ISA_USAGE = YES_ERROR;
				CLANG_WARN_DOCUMENTATION_COMMENTS = YES;
				CLANG_WARN_EMPTY_BODY = YES;
				CLANG_WARN_ENUM_CONVERSION = YES;
				CLANG_WARN_INFINITE_RECURSION = YES;
				CLANG_WARN_INT_CONVERSION = YES;
				CLANG_WARN_NON_LITERAL_NULL_CONVERSION = YES;
				CLANG_WARN_OBJC_IMPLICIT_RETAIN_SELF = YES;
				CLANG_WARN_OBJC_LITERAL_CONVERSION = YES;
				CLANG_WARN_OBJC_ROOT_CLASS = YES_ERROR;
				CLANG_WARN_QUOTED_INCLUDE_IN_FRAMEWORK_HEADER = YES;
				CLANG_WARN_RANGE_LOOP_ANALYSIS = YES;
				CLANG_WARN_STRICT_PROTOTYPES = YES;
				CLANG_WARN_SUSPICIOUS_MOVE = YES;
				CLANG_WARN_UNGUARDED_AVAILABILITY = YES_AGGRESSIVE;
				CLANG_WARN_UNREACHABLE_CODE = YES;
				CLANG_WARN__DUPLICATE_METHOD_MATCH = YES;
				COPY_PHASE_STRIP = NO;
				DEBUG_INFORMATION_FORMAT = "dwarf-with-dsym";
				ENABLE_NS_ASSERTIONS = NO;
				ENABLE_STRICT_OBJC_MSGSEND = YES;
				GCC_C_LANGUAGE_STANDARD = gnu11;
				GCC_NO_COMMON_BLOCKS = YES;
				GCC_WARN_64_TO_32_BIT_CONVERSION = YES;
				GCC_WARN_ABOUT_RETURN_TYPE = YES_ERROR;
				GCC_WARN_UNDECLARED_SELECTOR = YES;
				GCC_WARN_UNINITIALIZED_AUTOS = YES_AGGRESSIVE;
				GCC_WARN_UNUSED_FUNCTION = YES;
				GCC_WARN_UNUSED_VARIABLE = YES;
				MTL_ENABLE_DEBUG_INFO = NO;
				MTL_FAST_MATH = YES;
				SWIFT_COMPILATION_MODE = wholemodule;
				SWIFT_OPTIMIZATION_LEVEL = "-O";
			};
			name = Release;
		};
		4C2B10AA2A4421630028ED83 /* Debug */ = {
			isa = XCBuildConfiguration;
			buildSettings = {
				ASSETCATALOG_COMPILER_APPICON_NAME = AppIcon;
				ASSETCATALOG_COMPILER_GLOBAL_ACCENT_COLOR_NAME = AccentColor;
				CODE_SIGN_ENTITLEMENTS = Alarm/Alarm.entitlements;
				CODE_SIGN_STYLE = Automatic;
				CURRENT_PROJECT_VERSION = 1;
				DEVELOPMENT_ASSET_PATHS = "\"Alarm/Preview Content\"";
				DEVELOPMENT_TEAM = 9847RZ3V98;
				ENABLE_HARDENED_RUNTIME = YES;
				ENABLE_PREVIEWS = YES;
				GENERATE_INFOPLIST_FILE = YES;
				"INFOPLIST_KEY_UIApplicationSceneManifest_Generation[sdk=iphoneos*]" = YES;
				"INFOPLIST_KEY_UIApplicationSceneManifest_Generation[sdk=iphonesimulator*]" = YES;
				"INFOPLIST_KEY_UIApplicationSupportsIndirectInputEvents[sdk=iphoneos*]" = YES;
				"INFOPLIST_KEY_UIApplicationSupportsIndirectInputEvents[sdk=iphonesimulator*]" = YES;
				"INFOPLIST_KEY_UILaunchScreen_Generation[sdk=iphoneos*]" = YES;
				"INFOPLIST_KEY_UILaunchScreen_Generation[sdk=iphonesimulator*]" = YES;
				"INFOPLIST_KEY_UIStatusBarStyle[sdk=iphoneos*]" = UIStatusBarStyleDefault;
				"INFOPLIST_KEY_UIStatusBarStyle[sdk=iphonesimulator*]" = UIStatusBarStyleDefault;
				INFOPLIST_KEY_UISupportedInterfaceOrientations_iPad = "UIInterfaceOrientationPortrait UIInterfaceOrientationPortraitUpsideDown UIInterfaceOrientationLandscapeLeft UIInterfaceOrientationLandscapeRight";
				INFOPLIST_KEY_UISupportedInterfaceOrientations_iPhone = "UIInterfaceOrientationPortrait UIInterfaceOrientationLandscapeLeft UIInterfaceOrientationLandscapeRight";
				IPHONEOS_DEPLOYMENT_TARGET = 16.4;
				LD_RUNPATH_SEARCH_PATHS = "@executable_path/Frameworks";
				"LD_RUNPATH_SEARCH_PATHS[sdk=macosx*]" = "@executable_path/../Frameworks";
				MACOSX_DEPLOYMENT_TARGET = 13.3;
				MARKETING_VERSION = 1.0;
				PRODUCT_BUNDLE_IDENTIFIER = com.heath.swift.Alarm;
				PRODUCT_NAME = "$(TARGET_NAME)";
				SDKROOT = auto;
				SUPPORTED_PLATFORMS = "iphoneos iphonesimulator macosx";
				SWIFT_EMIT_LOC_STRINGS = YES;
				SWIFT_VERSION = 5.0;
				TARGETED_DEVICE_FAMILY = "1,2";
			};
			name = Debug;
		};
		4C2B10AB2A4421630028ED83 /* Release */ = {
			isa = XCBuildConfiguration;
			buildSettings = {
				ASSETCATALOG_COMPILER_APPICON_NAME = AppIcon;
				ASSETCATALOG_COMPILER_GLOBAL_ACCENT_COLOR_NAME = AccentColor;
				CODE_SIGN_ENTITLEMENTS = Alarm/Alarm.entitlements;
				CODE_SIGN_STYLE = Automatic;
				CURRENT_PROJECT_VERSION = 1;
				DEVELOPMENT_ASSET_PATHS = "\"Alarm/Preview Content\"";
				DEVELOPMENT_TEAM = 9847RZ3V98;
				ENABLE_HARDENED_RUNTIME = YES;
				ENABLE_PREVIEWS = YES;
				GENERATE_INFOPLIST_FILE = YES;
				"INFOPLIST_KEY_UIApplicationSceneManifest_Generation[sdk=iphoneos*]" = YES;
				"INFOPLIST_KEY_UIApplicationSceneManifest_Generation[sdk=iphonesimulator*]" = YES;
				"INFOPLIST_KEY_UIApplicationSupportsIndirectInputEvents[sdk=iphoneos*]" = YES;
				"INFOPLIST_KEY_UIApplicationSupportsIndirectInputEvents[sdk=iphonesimulator*]" = YES;
				"INFOPLIST_KEY_UILaunchScreen_Generation[sdk=iphoneos*]" = YES;
				"INFOPLIST_KEY_UILaunchScreen_Generation[sdk=iphonesimulator*]" = YES;
				"INFOPLIST_KEY_UIStatusBarStyle[sdk=iphoneos*]" = UIStatusBarStyleDefault;
				"INFOPLIST_KEY_UIStatusBarStyle[sdk=iphonesimulator*]" = UIStatusBarStyleDefault;
				INFOPLIST_KEY_UISupportedInterfaceOrientations_iPad = "UIInterfaceOrientationPortrait UIInterfaceOrientationPortraitUpsideDown UIInterfaceOrientationLandscapeLeft UIInterfaceOrientationLandscapeRight";
				INFOPLIST_KEY_UISupportedInterfaceOrientations_iPhone = "UIInterfaceOrientationPortrait UIInterfaceOrientationLandscapeLeft UIInterfaceOrientationLandscapeRight";
				IPHONEOS_DEPLOYMENT_TARGET = 16.4;
				LD_RUNPATH_SEARCH_PATHS = "@executable_path/Frameworks";
				"LD_RUNPATH_SEARCH_PATHS[sdk=macosx*]" = "@executable_path/../Frameworks";
				MACOSX_DEPLOYMENT_TARGET = 13.3;
				MARKETING_VERSION = 1.0;
				PRODUCT_BUNDLE_IDENTIFIER = com.heath.swift.Alarm;
				PRODUCT_NAME = "$(TARGET_NAME)";
				SDKROOT = auto;
				SUPPORTED_PLATFORMS = "iphoneos iphonesimulator macosx";
				SWIFT_EMIT_LOC_STRINGS = YES;
				SWIFT_VERSION = 5.0;
				TARGETED_DEVICE_FAMILY = "1,2";
			};
			name = Release;
		};
/* End XCBuildConfiguration section */

/* Begin XCConfigurationList section */
		4C2B10952A4421620028ED83 /* Build configuration list for PBXProject "Alarm" */ = {
			isa = XCConfigurationList;
			buildConfigurations = (
				4C2B10A72A4421630028ED83 /* Debug */,
				4C2B10A82A4421630028ED83 /* Release */,
			);
			defaultConfigurationIsVisible = 0;
			defaultConfigurationName = Release;
		};
		4C2B10A92A4421630028ED83 /* Build configuration list for PBXNativeTarget "Alarm" */ = {
			isa = XCConfigurationList;
			buildConfigurations = (
				4C2B10AA2A4421630028ED83 /* Debug */,
				4C2B10AB2A4421630028ED83 /* Release */,
			);
			defaultConfigurationIsVisible = 0;
			defaultConfigurationName = Release;
		};
/* End XCConfigurationList section */
	};
	rootObject = 4C2B10922A4421620028ED83 /* Project object */;
}
